{
  "version": 4,
  "terraform_version": "1.3.1",
  "serial": 239,
  "lineage": "303a59e6-2196-1ab6-b399-ad8afb28e613",
  "outputs": {},
  "resources": [
    {
      "mode": "data",
      "type": "aws_region",
      "name": "current",
      "provider": "provider[\"registry.terraform.io/hashicorp/aws\"]",
      "instances": [
        {
          "schema_version": 0,
          "attributes": {
            "description": "Asia Pacific (Mumbai)",
            "endpoint": "ec2.ap-south-1.amazonaws.com",
            "id": "ap-south-1",
            "name": "ap-south-1"
          },
          "sensitive_attributes": []
        }
      ]
    },
    {
      "module": "module.crictracker-admin-frontend",
      "mode": "managed",
      "type": "aws_ecr_repository",
      "name": "main",
      "provider": "provider[\"registry.terraform.io/hashicorp/aws\"]",
      "instances": [
        {
          "schema_version": 0,
          "attributes": {
            "arn": "arn:aws:ecr:ap-south-1:693583001687:repository/crictracker-admin-frontend",
            "encryption_configuration": [
              {
                "encryption_type": "AES256",
                "kms_key": ""
              }
            ],
            "id": "crictracker-admin-frontend",
            "image_scanning_configuration": [
              {
                "scan_on_push": true
              }
            ],
            "image_tag_mutability": "MUTABLE",
            "name": "crictracker-admin-frontend",
            "registry_id": "693583001687",
            "repository_url": "693583001687.dkr.ecr.ap-south-1.amazonaws.com/crictracker-admin-frontend",
            "tags": {},
            "tags_all": {},
            "timeouts": null
          },
          "sensitive_attributes": [],
          "private": "eyJlMmJmYjczMC1lY2FhLTExZTYtOGY4OC0zNDM2M2JjN2M0YzAiOnsiZGVsZXRlIjoxMjAwMDAwMDAwMDAwfX0="
        }
      ]
    },
    {
      "module": "module.crictracker-admin-frontend-dev",
      "mode": "managed",
      "type": "aws_ecr_repository",
      "name": "main",
      "provider": "provider[\"registry.terraform.io/hashicorp/aws\"]",
      "instances": [
        {
          "schema_version": 0,
          "attributes": {
            "arn": "arn:aws:ecr:ap-south-1:693583001687:repository/crictracker-admin-frontend-dev",
            "encryption_configuration": [
              {
                "encryption_type": "AES256",
                "kms_key": ""
              }
            ],
            "id": "crictracker-admin-frontend-dev",
            "image_scanning_configuration": [
              {
                "scan_on_push": true
              }
            ],
            "image_tag_mutability": "MUTABLE",
            "name": "crictracker-admin-frontend-dev",
            "registry_id": "693583001687",
            "repository_url": "693583001687.dkr.ecr.ap-south-1.amazonaws.com/crictracker-admin-frontend-dev",
            "tags": {},
            "tags_all": {},
            "timeouts": null
          },
          "sensitive_attributes": [],
          "private": "eyJlMmJmYjczMC1lY2FhLTExZTYtOGY4OC0zNDM2M2JjN2M0YzAiOnsiZGVsZXRlIjoxMjAwMDAwMDAwMDAwfX0="
        }
      ]
    },
    {
      "module": "module.crictracker-admin-frontend-local-dev",
      "mode": "managed",
      "type": "aws_ecr_repository",
      "name": "main",
      "provider": "provider[\"registry.terraform.io/hashicorp/aws\"]",
      "instances": [
        {
          "schema_version": 0,
          "attributes": {
            "arn": "arn:aws:ecr:ap-south-1:693583001687:repository/crictracker-admin-frontend-local-dev",
            "encryption_configuration": [
              {
                "encryption_type": "AES256",
                "kms_key": ""
              }
            ],
            "id": "crictracker-admin-frontend-local-dev",
            "image_scanning_configuration": [
              {
                "scan_on_push": true
              }
            ],
            "image_tag_mutability": "MUTABLE",
            "name": "crictracker-admin-frontend-local-dev",
            "registry_id": "693583001687",
            "repository_url": "693583001687.dkr.ecr.ap-south-1.amazonaws.com/crictracker-admin-frontend-local-dev",
            "tags": {},
            "tags_all": {},
            "timeouts": null
          },
          "sensitive_attributes": [],
          "private": "eyJlMmJmYjczMC1lY2FhLTExZTYtOGY4OC0zNDM2M2JjN2M0YzAiOnsiZGVsZXRlIjoxMjAwMDAwMDAwMDAwfX0="
        }
      ]
    },
    {
      "module": "module.crictracker-admin-frontend-stag",
      "mode": "managed",
      "type": "aws_ecr_repository",
      "name": "main",
      "provider": "provider[\"registry.terraform.io/hashicorp/aws\"]",
      "instances": [
        {
          "schema_version": 0,
          "attributes": {
            "arn": "arn:aws:ecr:ap-south-1:693583001687:repository/crictracker-admin-frontend-stag",
            "encryption_configuration": [
              {
                "encryption_type": "AES256",
                "kms_key": ""
              }
            ],
            "id": "crictracker-admin-frontend-stag",
            "image_scanning_configuration": [
              {
                "scan_on_push": true
              }
            ],
            "image_tag_mutability": "MUTABLE",
            "name": "crictracker-admin-frontend-stag",
            "registry_id": "693583001687",
            "repository_url": "693583001687.dkr.ecr.ap-south-1.amazonaws.com/crictracker-admin-frontend-stag",
            "tags": {},
            "tags_all": {},
            "timeouts": null
          },
          "sensitive_attributes": [],
          "private": "eyJlMmJmYjczMC1lY2FhLTExZTYtOGY4OC0zNDM2M2JjN2M0YzAiOnsiZGVsZXRlIjoxMjAwMDAwMDAwMDAwfX0="
        }
      ]
    },
    {
      "module": "module.crictracker-article",
      "mode": "managed",
      "type": "aws_ecr_repository",
      "name": "main",
      "provider": "provider[\"registry.terraform.io/hashicorp/aws\"]",
      "instances": [
        {
          "schema_version": 0,
          "attributes": {
            "arn": "arn:aws:ecr:ap-south-1:693583001687:repository/crictracker-article",
            "encryption_configuration": [
              {
                "encryption_type": "AES256",
                "kms_key": ""
              }
            ],
            "id": "crictracker-article",
            "image_scanning_configuration": [
              {
                "scan_on_push": true
              }
            ],
            "image_tag_mutability": "MUTABLE",
            "name": "crictracker-article",
            "registry_id": "693583001687",
            "repository_url": "693583001687.dkr.ecr.ap-south-1.amazonaws.com/crictracker-article",
            "tags": {},
            "tags_all": {},
            "timeouts": null
          },
          "sensitive_attributes": [],
          "private": "eyJlMmJmYjczMC1lY2FhLTExZTYtOGY4OC0zNDM2M2JjN2M0YzAiOnsiZGVsZXRlIjoxMjAwMDAwMDAwMDAwfX0="
        }
      ]
    },
    {
      "module": "module.crictracker-article-dev",
      "mode": "managed",
      "type": "aws_ecr_repository",
      "name": "main",
      "provider": "provider[\"registry.terraform.io/hashicorp/aws\"]",
      "instances": [
        {
          "schema_version": 0,
          "attributes": {
            "arn": "arn:aws:ecr:ap-south-1:693583001687:repository/crictracker-article-dev",
            "encryption_configuration": [
              {
                "encryption_type": "AES256",
                "kms_key": ""
              }
            ],
            "id": "crictracker-article-dev",
            "image_scanning_configuration": [
              {
                "scan_on_push": true
              }
            ],
            "image_tag_mutability": "MUTABLE",
            "name": "crictracker-article-dev",
            "registry_id": "693583001687",
            "repository_url": "693583001687.dkr.ecr.ap-south-1.amazonaws.com/crictracker-article-dev",
            "tags": {},
            "tags_all": {},
            "timeouts": null
          },
          "sensitive_attributes": [],
          "private": "eyJlMmJmYjczMC1lY2FhLTExZTYtOGY4OC0zNDM2M2JjN2M0YzAiOnsiZGVsZXRlIjoxMjAwMDAwMDAwMDAwfX0="
        }
      ]
    },
    {
      "module": "module.crictracker-article-local-dev",
      "mode": "managed",
      "type": "aws_ecr_repository",
      "name": "main",
      "provider": "provider[\"registry.terraform.io/hashicorp/aws\"]",
      "instances": [
        {
          "schema_version": 0,
          "attributes": {
            "arn": "arn:aws:ecr:ap-south-1:693583001687:repository/crictracker-article-local-dev",
            "encryption_configuration": [
              {
                "encryption_type": "AES256",
                "kms_key": ""
              }
            ],
            "id": "crictracker-article-local-dev",
            "image_scanning_configuration": [
              {
                "scan_on_push": true
              }
            ],
            "image_tag_mutability": "MUTABLE",
            "name": "crictracker-article-local-dev",
            "registry_id": "693583001687",
            "repository_url": "693583001687.dkr.ecr.ap-south-1.amazonaws.com/crictracker-article-local-dev",
            "tags": {},
            "tags_all": {},
            "timeouts": null
          },
          "sensitive_attributes": [],
          "private": "eyJlMmJmYjczMC1lY2FhLTExZTYtOGY4OC0zNDM2M2JjN2M0YzAiOnsiZGVsZXRlIjoxMjAwMDAwMDAwMDAwfX0="
        }
      ]
    },
    {
      "module": "module.crictracker-article-stag",
      "mode": "managed",
      "type": "aws_ecr_repository",
      "name": "main",
      "provider": "provider[\"registry.terraform.io/hashicorp/aws\"]",
      "instances": [
        {
          "schema_version": 0,
          "attributes": {
            "arn": "arn:aws:ecr:ap-south-1:693583001687:repository/crictracker-article-stag",
            "encryption_configuration": [
              {
                "encryption_type": "AES256",
                "kms_key": ""
              }
            ],
            "id": "crictracker-article-stag",
            "image_scanning_configuration": [
              {
                "scan_on_push": true
              }
            ],
            "image_tag_mutability": "MUTABLE",
            "name": "crictracker-article-stag",
            "registry_id": "693583001687",
            "repository_url": "693583001687.dkr.ecr.ap-south-1.amazonaws.com/crictracker-article-stag",
            "tags": {},
            "tags_all": {},
            "timeouts": null
          },
          "sensitive_attributes": [],
          "private": "eyJlMmJmYjczMC1lY2FhLTExZTYtOGY4OC0zNDM2M2JjN2M0YzAiOnsiZGVsZXRlIjoxMjAwMDAwMDAwMDAwfX0="
        }
      ]
    },
    {
      "module": "module.crictracker-authentication",
      "mode": "managed",
      "type": "aws_ecr_repository",
      "name": "main",
      "provider": "provider[\"registry.terraform.io/hashicorp/aws\"]",
      "instances": [
        {
          "schema_version": 0,
          "attributes": {
            "arn": "arn:aws:ecr:ap-south-1:693583001687:repository/crictracker-authentication",
            "encryption_configuration": [
              {
                "encryption_type": "AES256",
                "kms_key": ""
              }
            ],
            "id": "crictracker-authentication",
            "image_scanning_configuration": [
              {
                "scan_on_push": true
              }
            ],
            "image_tag_mutability": "MUTABLE",
            "name": "crictracker-authentication",
            "registry_id": "693583001687",
            "repository_url": "693583001687.dkr.ecr.ap-south-1.amazonaws.com/crictracker-authentication",
            "tags": {},
            "tags_all": {},
            "timeouts": null
          },
          "sensitive_attributes": [],
          "private": "eyJlMmJmYjczMC1lY2FhLTExZTYtOGY4OC0zNDM2M2JjN2M0YzAiOnsiZGVsZXRlIjoxMjAwMDAwMDAwMDAwfX0="
        }
      ]
    },
    {
      "module": "module.crictracker-authentication-dev",
      "mode": "managed",
      "type": "aws_ecr_repository",
      "name": "main",
      "provider": "provider[\"registry.terraform.io/hashicorp/aws\"]",
      "instances": [
        {
          "schema_version": 0,
          "attributes": {
            "arn": "arn:aws:ecr:ap-south-1:693583001687:repository/crictracker-authentication-dev",
            "encryption_configuration": [
              {
                "encryption_type": "AES256",
                "kms_key": ""
              }
            ],
            "id": "crictracker-authentication-dev",
            "image_scanning_configuration": [
              {
                "scan_on_push": true
              }
            ],
            "image_tag_mutability": "MUTABLE",
            "name": "crictracker-authentication-dev",
            "registry_id": "693583001687",
            "repository_url": "693583001687.dkr.ecr.ap-south-1.amazonaws.com/crictracker-authentication-dev",
            "tags": {},
            "tags_all": {},
            "timeouts": null
          },
          "sensitive_attributes": [],
          "private": "eyJlMmJmYjczMC1lY2FhLTExZTYtOGY4OC0zNDM2M2JjN2M0YzAiOnsiZGVsZXRlIjoxMjAwMDAwMDAwMDAwfX0="
        }
      ]
    },
    {
      "module": "module.crictracker-authentication-local-dev",
      "mode": "managed",
      "type": "aws_ecr_repository",
      "name": "main",
      "provider": "provider[\"registry.terraform.io/hashicorp/aws\"]",
      "instances": [
        {
          "schema_version": 0,
          "attributes": {
            "arn": "arn:aws:ecr:ap-south-1:693583001687:repository/crictracker-authentication-local-dev",
            "encryption_configuration": [
              {
                "encryption_type": "AES256",
                "kms_key": ""
              }
            ],
            "id": "crictracker-authentication-local-dev",
            "image_scanning_configuration": [
              {
                "scan_on_push": true
              }
            ],
            "image_tag_mutability": "MUTABLE",
            "name": "crictracker-authentication-local-dev",
            "registry_id": "693583001687",
            "repository_url": "693583001687.dkr.ecr.ap-south-1.amazonaws.com/crictracker-authentication-local-dev",
            "tags": {},
            "tags_all": {},
            "timeouts": null
          },
          "sensitive_attributes": [],
          "private": "eyJlMmJmYjczMC1lY2FhLTExZTYtOGY4OC0zNDM2M2JjN2M0YzAiOnsiZGVsZXRlIjoxMjAwMDAwMDAwMDAwfX0="
        }
      ]
    },
    {
      "module": "module.crictracker-authentication-stag",
      "mode": "managed",
      "type": "aws_ecr_repository",
      "name": "main",
      "provider": "provider[\"registry.terraform.io/hashicorp/aws\"]",
      "instances": [
        {
          "schema_version": 0,
          "attributes": {
            "arn": "arn:aws:ecr:ap-south-1:693583001687:repository/crictracker-authentication-stag",
            "encryption_configuration": [
              {
                "encryption_type": "AES256",
                "kms_key": ""
              }
            ],
            "id": "crictracker-authentication-stag",
            "image_scanning_configuration": [
              {
                "scan_on_push": true
              }
            ],
            "image_tag_mutability": "MUTABLE",
            "name": "crictracker-authentication-stag",
            "registry_id": "693583001687",
            "repository_url": "693583001687.dkr.ecr.ap-south-1.amazonaws.com/crictracker-authentication-stag",
            "tags": {},
            "tags_all": {},
            "timeouts": null
          },
          "sensitive_attributes": [],
          "private": "eyJlMmJmYjczMC1lY2FhLTExZTYtOGY4OC0zNDM2M2JjN2M0YzAiOnsiZGVsZXRlIjoxMjAwMDAwMDAwMDAwfX0="
        }
      ]
    },
    {
      "module": "module.crictracker-career",
      "mode": "managed",
      "type": "aws_ecr_repository",
      "name": "main",
      "provider": "provider[\"registry.terraform.io/hashicorp/aws\"]",
      "instances": [
        {
          "schema_version": 0,
          "attributes": {
            "arn": "arn:aws:ecr:ap-south-1:693583001687:repository/crictracker-career",
            "encryption_configuration": [
              {
                "encryption_type": "AES256",
                "kms_key": ""
              }
            ],
            "id": "crictracker-career",
            "image_scanning_configuration": [
              {
                "scan_on_push": true
              }
            ],
            "image_tag_mutability": "MUTABLE",
            "name": "crictracker-career",
            "registry_id": "693583001687",
            "repository_url": "693583001687.dkr.ecr.ap-south-1.amazonaws.com/crictracker-career",
            "tags": {},
            "tags_all": {},
            "timeouts": null
          },
          "sensitive_attributes": [],
          "private": "eyJlMmJmYjczMC1lY2FhLTExZTYtOGY4OC0zNDM2M2JjN2M0YzAiOnsiZGVsZXRlIjoxMjAwMDAwMDAwMDAwfX0="
        }
      ]
    },
    {
      "module": "module.crictracker-career-dev",
      "mode": "managed",
      "type": "aws_ecr_repository",
      "name": "main",
      "provider": "provider[\"registry.terraform.io/hashicorp/aws\"]",
      "instances": [
        {
          "schema_version": 0,
          "attributes": {
            "arn": "arn:aws:ecr:ap-south-1:693583001687:repository/crictracker-career-dev",
            "encryption_configuration": [
              {
                "encryption_type": "AES256",
                "kms_key": ""
              }
            ],
            "id": "crictracker-career-dev",
            "image_scanning_configuration": [
              {
                "scan_on_push": true
              }
            ],
            "image_tag_mutability": "MUTABLE",
            "name": "crictracker-career-dev",
            "registry_id": "693583001687",
            "repository_url": "693583001687.dkr.ecr.ap-south-1.amazonaws.com/crictracker-career-dev",
            "tags": {},
            "tags_all": {},
            "timeouts": null
          },
          "sensitive_attributes": [],
          "private": "eyJlMmJmYjczMC1lY2FhLTExZTYtOGY4OC0zNDM2M2JjN2M0YzAiOnsiZGVsZXRlIjoxMjAwMDAwMDAwMDAwfX0="
        }
      ]
    },
    {
      "module": "module.crictracker-career-local-dev",
      "mode": "managed",
      "type": "aws_ecr_repository",
      "name": "main",
      "provider": "provider[\"registry.terraform.io/hashicorp/aws\"]",
      "instances": [
        {
          "schema_version": 0,
          "attributes": {
            "arn": "arn:aws:ecr:ap-south-1:693583001687:repository/crictracker-career-local-dev",
            "encryption_configuration": [
              {
                "encryption_type": "AES256",
                "kms_key": ""
              }
            ],
            "id": "crictracker-career-local-dev",
            "image_scanning_configuration": [
              {
                "scan_on_push": true
              }
            ],
            "image_tag_mutability": "MUTABLE",
            "name": "crictracker-career-local-dev",
            "registry_id": "693583001687",
            "repository_url": "693583001687.dkr.ecr.ap-south-1.amazonaws.com/crictracker-career-local-dev",
            "tags": {},
            "tags_all": {},
            "timeouts": null
          },
          "sensitive_attributes": [],
          "private": "eyJlMmJmYjczMC1lY2FhLTExZTYtOGY4OC0zNDM2M2JjN2M0YzAiOnsiZGVsZXRlIjoxMjAwMDAwMDAwMDAwfX0="
        }
      ]
    },
    {
      "module": "module.crictracker-career-stag",
      "mode": "managed",
      "type": "aws_ecr_repository",
      "name": "main",
      "provider": "provider[\"registry.terraform.io/hashicorp/aws\"]",
      "instances": [
        {
          "schema_version": 0,
          "attributes": {
            "arn": "arn:aws:ecr:ap-south-1:693583001687:repository/crictracker-career-stag",
            "encryption_configuration": [
              {
                "encryption_type": "AES256",
                "kms_key": ""
              }
            ],
            "id": "crictracker-career-stag",
            "image_scanning_configuration": [
              {
                "scan_on_push": true
              }
            ],
            "image_tag_mutability": "MUTABLE",
            "name": "crictracker-career-stag",
            "registry_id": "693583001687",
            "repository_url": "693583001687.dkr.ecr.ap-south-1.amazonaws.com/crictracker-career-stag",
            "tags": {},
            "tags_all": {},
            "timeouts": null
          },
          "sensitive_attributes": [],
          "private": "eyJlMmJmYjczMC1lY2FhLTExZTYtOGY4OC0zNDM2M2JjN2M0YzAiOnsiZGVsZXRlIjoxMjAwMDAwMDAwMDAwfX0="
        }
      ]
    },
    {
      "module": "module.crictracker-crons",
      "mode": "managed",
      "type": "aws_ecr_repository",
      "name": "main",
      "provider": "provider[\"registry.terraform.io/hashicorp/aws\"]",
      "instances": [
        {
          "schema_version": 0,
          "attributes": {
            "arn": "arn:aws:ecr:ap-south-1:693583001687:repository/crictracker-crons",
            "encryption_configuration": [
              {
                "encryption_type": "AES256",
                "kms_key": ""
              }
            ],
            "id": "crictracker-crons",
            "image_scanning_configuration": [
              {
                "scan_on_push": true
              }
            ],
            "image_tag_mutability": "MUTABLE",
            "name": "crictracker-crons",
            "registry_id": "693583001687",
            "repository_url": "693583001687.dkr.ecr.ap-south-1.amazonaws.com/crictracker-crons",
            "tags": null,
            "tags_all": {},
            "timeouts": null
          },
          "sensitive_attributes": [],
          "private": "eyJlMmJmYjczMC1lY2FhLTExZTYtOGY4OC0zNDM2M2JjN2M0YzAiOnsiZGVsZXRlIjoxMjAwMDAwMDAwMDAwfX0="
        }
      ]
    },
    {
      "module": "module.crictracker-crons-dev",
      "mode": "managed",
      "type": "aws_ecr_repository",
      "name": "main",
      "provider": "provider[\"registry.terraform.io/hashicorp/aws\"]",
      "instances": [
        {
          "schema_version": 0,
          "attributes": {
            "arn": "arn:aws:ecr:ap-south-1:693583001687:repository/crictracker-crons-dev",
            "encryption_configuration": [
              {
                "encryption_type": "AES256",
                "kms_key": ""
              }
            ],
            "id": "crictracker-crons-dev",
            "image_scanning_configuration": [
              {
                "scan_on_push": true
              }
            ],
            "image_tag_mutability": "MUTABLE",
            "name": "crictracker-crons-dev",
            "registry_id": "693583001687",
            "repository_url": "693583001687.dkr.ecr.ap-south-1.amazonaws.com/crictracker-crons-dev",
            "tags": null,
            "tags_all": {},
            "timeouts": null
          },
          "sensitive_attributes": [],
          "private": "eyJlMmJmYjczMC1lY2FhLTExZTYtOGY4OC0zNDM2M2JjN2M0YzAiOnsiZGVsZXRlIjoxMjAwMDAwMDAwMDAwfX0="
        }
      ]
    },
    {
      "module": "module.crictracker-crons-local-dev",
      "mode": "managed",
      "type": "aws_ecr_repository",
      "name": "main",
      "provider": "provider[\"registry.terraform.io/hashicorp/aws\"]",
      "instances": [
        {
          "schema_version": 0,
          "attributes": {
            "arn": "arn:aws:ecr:ap-south-1:693583001687:repository/crictracker-crons-local-dev",
            "encryption_configuration": [
              {
                "encryption_type": "AES256",
                "kms_key": ""
              }
            ],
            "id": "crictracker-crons-local-dev",
            "image_scanning_configuration": [
              {
                "scan_on_push": true
              }
            ],
            "image_tag_mutability": "MUTABLE",
            "name": "crictracker-crons-local-dev",
            "registry_id": "693583001687",
            "repository_url": "693583001687.dkr.ecr.ap-south-1.amazonaws.com/crictracker-crons-local-dev",
            "tags": null,
            "tags_all": {},
            "timeouts": null
          },
          "sensitive_attributes": [],
          "private": "eyJlMmJmYjczMC1lY2FhLTExZTYtOGY4OC0zNDM2M2JjN2M0YzAiOnsiZGVsZXRlIjoxMjAwMDAwMDAwMDAwfX0="
        }
      ]
    },
    {
      "module": "module.crictracker-gateway",
      "mode": "managed",
      "type": "aws_ecr_repository",
      "name": "main",
      "provider": "provider[\"registry.terraform.io/hashicorp/aws\"]",
      "instances": [
        {
          "schema_version": 0,
          "attributes": {
            "arn": "arn:aws:ecr:ap-south-1:693583001687:repository/crictracker-gateway",
            "encryption_configuration": [
              {
                "encryption_type": "AES256",
                "kms_key": ""
              }
            ],
            "id": "crictracker-gateway",
            "image_scanning_configuration": [
              {
                "scan_on_push": true
              }
            ],
            "image_tag_mutability": "MUTABLE",
            "name": "crictracker-gateway",
            "registry_id": "693583001687",
            "repository_url": "693583001687.dkr.ecr.ap-south-1.amazonaws.com/crictracker-gateway",
            "tags": {},
            "tags_all": {},
            "timeouts": null
          },
          "sensitive_attributes": [],
          "private": "eyJlMmJmYjczMC1lY2FhLTExZTYtOGY4OC0zNDM2M2JjN2M0YzAiOnsiZGVsZXRlIjoxMjAwMDAwMDAwMDAwfX0="
        }
      ]
    },
    {
      "module": "module.crictracker-gateway-dev",
      "mode": "managed",
      "type": "aws_ecr_repository",
      "name": "main",
      "provider": "provider[\"registry.terraform.io/hashicorp/aws\"]",
      "instances": [
        {
          "schema_version": 0,
          "attributes": {
            "arn": "arn:aws:ecr:ap-south-1:693583001687:repository/crictracker-gateway-dev",
            "encryption_configuration": [
              {
                "encryption_type": "AES256",
                "kms_key": ""
              }
            ],
            "id": "crictracker-gateway-dev",
            "image_scanning_configuration": [
              {
                "scan_on_push": true
              }
            ],
            "image_tag_mutability": "MUTABLE",
            "name": "crictracker-gateway-dev",
            "registry_id": "693583001687",
            "repository_url": "693583001687.dkr.ecr.ap-south-1.amazonaws.com/crictracker-gateway-dev",
            "tags": {},
            "tags_all": {},
            "timeouts": null
          },
          "sensitive_attributes": [],
          "private": "eyJlMmJmYjczMC1lY2FhLTExZTYtOGY4OC0zNDM2M2JjN2M0YzAiOnsiZGVsZXRlIjoxMjAwMDAwMDAwMDAwfX0="
        }
      ]
    },
    {
      "module": "module.crictracker-gateway-local-dev",
      "mode": "managed",
      "type": "aws_ecr_repository",
      "name": "main",
      "provider": "provider[\"registry.terraform.io/hashicorp/aws\"]",
      "instances": [
        {
          "schema_version": 0,
          "attributes": {
            "arn": "arn:aws:ecr:ap-south-1:693583001687:repository/crictracker-gateway-local-dev",
            "encryption_configuration": [
              {
                "encryption_type": "AES256",
                "kms_key": ""
              }
            ],
            "id": "crictracker-gateway-local-dev",
            "image_scanning_configuration": [
              {
                "scan_on_push": true
              }
            ],
            "image_tag_mutability": "MUTABLE",
            "name": "crictracker-gateway-local-dev",
            "registry_id": "693583001687",
            "repository_url": "693583001687.dkr.ecr.ap-south-1.amazonaws.com/crictracker-gateway-local-dev",
            "tags": {},
            "tags_all": {},
            "timeouts": null
          },
          "sensitive_attributes": [],
          "private": "eyJlMmJmYjczMC1lY2FhLTExZTYtOGY4OC0zNDM2M2JjN2M0YzAiOnsiZGVsZXRlIjoxMjAwMDAwMDAwMDAwfX0="
        }
      ]
    },
    {
      "module": "module.crictracker-gateway-stag",
      "mode": "managed",
      "type": "aws_ecr_repository",
      "name": "main",
      "provider": "provider[\"registry.terraform.io/hashicorp/aws\"]",
      "instances": [
        {
          "schema_version": 0,
          "attributes": {
            "arn": "arn:aws:ecr:ap-south-1:693583001687:repository/crictracker-gateway-stag",
            "encryption_configuration": [
              {
                "encryption_type": "AES256",
                "kms_key": ""
              }
            ],
            "id": "crictracker-gateway-stag",
            "image_scanning_configuration": [
              {
                "scan_on_push": true
              }
            ],
            "image_tag_mutability": "MUTABLE",
            "name": "crictracker-gateway-stag",
            "registry_id": "693583001687",
            "repository_url": "693583001687.dkr.ecr.ap-south-1.amazonaws.com/crictracker-gateway-stag",
            "tags": {},
            "tags_all": {},
            "timeouts": null
          },
          "sensitive_attributes": [],
          "private": "eyJlMmJmYjczMC1lY2FhLTExZTYtOGY4OC0zNDM2M2JjN2M0YzAiOnsiZGVsZXRlIjoxMjAwMDAwMDAwMDAwfX0="
        }
      ]
    },
    {
      "module": "module.crictracker-global-widget",
      "mode": "managed",
      "type": "aws_ecr_repository",
      "name": "main",
      "provider": "provider[\"registry.terraform.io/hashicorp/aws\"]",
      "instances": [
        {
          "schema_version": 0,
          "attributes": {
            "arn": "arn:aws:ecr:ap-south-1:693583001687:repository/crictracker-global-widget",
            "encryption_configuration": [
              {
                "encryption_type": "AES256",
                "kms_key": ""
              }
            ],
            "id": "crictracker-global-widget",
            "image_scanning_configuration": [
              {
                "scan_on_push": true
              }
            ],
            "image_tag_mutability": "MUTABLE",
            "name": "crictracker-global-widget",
            "registry_id": "693583001687",
            "repository_url": "693583001687.dkr.ecr.ap-south-1.amazonaws.com/crictracker-global-widget",
            "tags": {},
            "tags_all": {},
            "timeouts": null
          },
          "sensitive_attributes": [],
          "private": "eyJlMmJmYjczMC1lY2FhLTExZTYtOGY4OC0zNDM2M2JjN2M0YzAiOnsiZGVsZXRlIjoxMjAwMDAwMDAwMDAwfX0="
        }
      ]
    },
    {
      "module": "module.crictracker-global-widget-dev",
      "mode": "managed",
      "type": "aws_ecr_repository",
      "name": "main",
      "provider": "provider[\"registry.terraform.io/hashicorp/aws\"]",
      "instances": [
        {
          "schema_version": 0,
          "attributes": {
            "arn": "arn:aws:ecr:ap-south-1:693583001687:repository/crictracker-global-widget-dev",
            "encryption_configuration": [
              {
                "encryption_type": "AES256",
                "kms_key": ""
              }
            ],
            "id": "crictracker-global-widget-dev",
            "image_scanning_configuration": [
              {
                "scan_on_push": true
              }
            ],
            "image_tag_mutability": "MUTABLE",
            "name": "crictracker-global-widget-dev",
            "registry_id": "693583001687",
            "repository_url": "693583001687.dkr.ecr.ap-south-1.amazonaws.com/crictracker-global-widget-dev",
            "tags": {},
            "tags_all": {},
            "timeouts": null
          },
          "sensitive_attributes": [],
          "private": "eyJlMmJmYjczMC1lY2FhLTExZTYtOGY4OC0zNDM2M2JjN2M0YzAiOnsiZGVsZXRlIjoxMjAwMDAwMDAwMDAwfX0="
        }
      ]
    },
    {
      "module": "module.crictracker-global-widget-local-dev",
      "mode": "managed",
      "type": "aws_ecr_repository",
      "name": "main",
      "provider": "provider[\"registry.terraform.io/hashicorp/aws\"]",
      "instances": [
        {
          "schema_version": 0,
          "attributes": {
            "arn": "arn:aws:ecr:ap-south-1:693583001687:repository/crictracker-global-widget-local-dev",
            "encryption_configuration": [
              {
                "encryption_type": "AES256",
                "kms_key": ""
              }
            ],
            "id": "crictracker-global-widget-local-dev",
            "image_scanning_configuration": [
              {
                "scan_on_push": true
              }
            ],
            "image_tag_mutability": "MUTABLE",
            "name": "crictracker-global-widget-local-dev",
            "registry_id": "693583001687",
            "repository_url": "693583001687.dkr.ecr.ap-south-1.amazonaws.com/crictracker-global-widget-local-dev",
            "tags": {},
            "tags_all": {},
            "timeouts": null
          },
          "sensitive_attributes": [],
          "private": "eyJlMmJmYjczMC1lY2FhLTExZTYtOGY4OC0zNDM2M2JjN2M0YzAiOnsiZGVsZXRlIjoxMjAwMDAwMDAwMDAwfX0="
        }
      ]
    },
    {
      "module": "module.crictracker-global-widget-stag",
      "mode": "managed",
      "type": "aws_ecr_repository",
      "name": "main",
      "provider": "provider[\"registry.terraform.io/hashicorp/aws\"]",
      "instances": [
        {
          "schema_version": 0,
          "attributes": {
            "arn": "arn:aws:ecr:ap-south-1:693583001687:repository/crictracker-global-widget-stag",
            "encryption_configuration": [
              {
                "encryption_type": "AES256",
                "kms_key": ""
              }
            ],
            "id": "crictracker-global-widget-stag",
            "image_scanning_configuration": [
              {
                "scan_on_push": true
              }
            ],
            "image_tag_mutability": "MUTABLE",
            "name": "crictracker-global-widget-stag",
            "registry_id": "693583001687",
            "repository_url": "693583001687.dkr.ecr.ap-south-1.amazonaws.com/crictracker-global-widget-stag",
            "tags": {},
            "tags_all": {},
            "timeouts": null
          },
          "sensitive_attributes": [],
          "private": "eyJlMmJmYjczMC1lY2FhLTExZTYtOGY4OC0zNDM2M2JjN2M0YzAiOnsiZGVsZXRlIjoxMjAwMDAwMDAwMDAwfX0="
        }
      ]
    },
    {
      "module": "module.crictracker-help",
      "mode": "managed",
      "type": "aws_ecr_repository",
      "name": "main",
      "provider": "provider[\"registry.terraform.io/hashicorp/aws\"]",
      "instances": [
        {
          "schema_version": 0,
          "attributes": {
            "arn": "arn:aws:ecr:ap-south-1:693583001687:repository/crictracker-help",
            "encryption_configuration": [
              {
                "encryption_type": "AES256",
                "kms_key": ""
              }
            ],
            "id": "crictracker-help",
            "image_scanning_configuration": [
              {
                "scan_on_push": true
              }
            ],
            "image_tag_mutability": "MUTABLE",
            "name": "crictracker-help",
            "registry_id": "693583001687",
            "repository_url": "693583001687.dkr.ecr.ap-south-1.amazonaws.com/crictracker-help",
            "tags": {},
            "tags_all": {},
            "timeouts": null
          },
          "sensitive_attributes": [],
          "private": "eyJlMmJmYjczMC1lY2FhLTExZTYtOGY4OC0zNDM2M2JjN2M0YzAiOnsiZGVsZXRlIjoxMjAwMDAwMDAwMDAwfX0="
        }
      ]
    },
    {
      "module": "module.crictracker-help-dev",
      "mode": "managed",
      "type": "aws_ecr_repository",
      "name": "main",
      "provider": "provider[\"registry.terraform.io/hashicorp/aws\"]",
      "instances": [
        {
          "schema_version": 0,
          "attributes": {
            "arn": "arn:aws:ecr:ap-south-1:693583001687:repository/crictracker-help-dev",
            "encryption_configuration": [
              {
                "encryption_type": "AES256",
                "kms_key": ""
              }
            ],
            "id": "crictracker-help-dev",
            "image_scanning_configuration": [
              {
                "scan_on_push": true
              }
            ],
            "image_tag_mutability": "MUTABLE",
            "name": "crictracker-help-dev",
            "registry_id": "693583001687",
            "repository_url": "693583001687.dkr.ecr.ap-south-1.amazonaws.com/crictracker-help-dev",
            "tags": {},
            "tags_all": {},
            "timeouts": null
          },
          "sensitive_attributes": [],
          "private": "eyJlMmJmYjczMC1lY2FhLTExZTYtOGY4OC0zNDM2M2JjN2M0YzAiOnsiZGVsZXRlIjoxMjAwMDAwMDAwMDAwfX0="
        }
      ]
    },
    {
      "module": "module.crictracker-help-local-dev",
      "mode": "managed",
      "type": "aws_ecr_repository",
      "name": "main",
      "provider": "provider[\"registry.terraform.io/hashicorp/aws\"]",
      "instances": [
        {
          "schema_version": 0,
          "attributes": {
            "arn": "arn:aws:ecr:ap-south-1:693583001687:repository/crictracker-help-local-dev",
            "encryption_configuration": [
              {
                "encryption_type": "AES256",
                "kms_key": ""
              }
            ],
            "id": "crictracker-help-local-dev",
            "image_scanning_configuration": [
              {
                "scan_on_push": true
              }
            ],
            "image_tag_mutability": "MUTABLE",
            "name": "crictracker-help-local-dev",
            "registry_id": "693583001687",
            "repository_url": "693583001687.dkr.ecr.ap-south-1.amazonaws.com/crictracker-help-local-dev",
            "tags": {},
            "tags_all": {},
            "timeouts": null
          },
          "sensitive_attributes": [],
          "private": "eyJlMmJmYjczMC1lY2FhLTExZTYtOGY4OC0zNDM2M2JjN2M0YzAiOnsiZGVsZXRlIjoxMjAwMDAwMDAwMDAwfX0="
        }
      ]
    },
    {
      "module": "module.crictracker-help-stag",
      "mode": "managed",
      "type": "aws_ecr_repository",
      "name": "main",
      "provider": "provider[\"registry.terraform.io/hashicorp/aws\"]",
      "instances": [
        {
          "schema_version": 0,
          "attributes": {
            "arn": "arn:aws:ecr:ap-south-1:693583001687:repository/crictracker-help-stag",
            "encryption_configuration": [
              {
                "encryption_type": "AES256",
                "kms_key": ""
              }
            ],
            "id": "crictracker-help-stag",
            "image_scanning_configuration": [
              {
                "scan_on_push": true
              }
            ],
            "image_tag_mutability": "MUTABLE",
            "name": "crictracker-help-stag",
            "registry_id": "693583001687",
            "repository_url": "693583001687.dkr.ecr.ap-south-1.amazonaws.com/crictracker-help-stag",
            "tags": {},
            "tags_all": {},
            "timeouts": null
          },
          "sensitive_attributes": [],
          "private": "eyJlMmJmYjczMC1lY2FhLTExZTYtOGY4OC0zNDM2M2JjN2M0YzAiOnsiZGVsZXRlIjoxMjAwMDAwMDAwMDAwfX0="
        }
      ]
    },
    {
      "module": "module.crictracker-matchmanagement",
      "mode": "managed",
      "type": "aws_ecr_repository",
      "name": "main",
      "provider": "provider[\"registry.terraform.io/hashicorp/aws\"]",
      "instances": [
        {
          "schema_version": 0,
          "attributes": {
            "arn": "arn:aws:ecr:ap-south-1:693583001687:repository/crictracker-matchmanagement",
            "encryption_configuration": [
              {
                "encryption_type": "AES256",
                "kms_key": ""
              }
            ],
            "id": "crictracker-matchmanagement",
            "image_scanning_configuration": [
              {
                "scan_on_push": true
              }
            ],
            "image_tag_mutability": "MUTABLE",
            "name": "crictracker-matchmanagement",
            "registry_id": "693583001687",
            "repository_url": "693583001687.dkr.ecr.ap-south-1.amazonaws.com/crictracker-matchmanagement",
            "tags": {},
            "tags_all": {},
            "timeouts": null
          },
          "sensitive_attributes": [],
          "private": "eyJlMmJmYjczMC1lY2FhLTExZTYtOGY4OC0zNDM2M2JjN2M0YzAiOnsiZGVsZXRlIjoxMjAwMDAwMDAwMDAwfX0="
        }
      ]
    },
    {
      "module": "module.crictracker-matchmanagement-dev",
      "mode": "managed",
      "type": "aws_ecr_repository",
      "name": "main",
      "provider": "provider[\"registry.terraform.io/hashicorp/aws\"]",
      "instances": [
        {
          "schema_version": 0,
          "attributes": {
            "arn": "arn:aws:ecr:ap-south-1:693583001687:repository/crictracker-matchmanagement-dev",
            "encryption_configuration": [
              {
                "encryption_type": "AES256",
                "kms_key": ""
              }
            ],
            "id": "crictracker-matchmanagement-dev",
            "image_scanning_configuration": [
              {
                "scan_on_push": true
              }
            ],
            "image_tag_mutability": "MUTABLE",
            "name": "crictracker-matchmanagement-dev",
            "registry_id": "693583001687",
            "repository_url": "693583001687.dkr.ecr.ap-south-1.amazonaws.com/crictracker-matchmanagement-dev",
            "tags": {},
            "tags_all": {},
            "timeouts": null
          },
          "sensitive_attributes": [],
          "private": "eyJlMmJmYjczMC1lY2FhLTExZTYtOGY4OC0zNDM2M2JjN2M0YzAiOnsiZGVsZXRlIjoxMjAwMDAwMDAwMDAwfX0="
        }
      ]
    },
    {
      "module": "module.crictracker-matchmanagement-local-dev",
      "mode": "managed",
      "type": "aws_ecr_repository",
      "name": "main",
      "provider": "provider[\"registry.terraform.io/hashicorp/aws\"]",
      "instances": [
        {
          "schema_version": 0,
          "attributes": {
            "arn": "arn:aws:ecr:ap-south-1:693583001687:repository/crictracker-matchmanagement-local-dev",
            "encryption_configuration": [
              {
                "encryption_type": "AES256",
                "kms_key": ""
              }
            ],
            "id": "crictracker-matchmanagement-local-dev",
            "image_scanning_configuration": [
              {
                "scan_on_push": true
              }
            ],
            "image_tag_mutability": "MUTABLE",
            "name": "crictracker-matchmanagement-local-dev",
            "registry_id": "693583001687",
            "repository_url": "693583001687.dkr.ecr.ap-south-1.amazonaws.com/crictracker-matchmanagement-local-dev",
            "tags": {},
            "tags_all": {},
            "timeouts": null
          },
          "sensitive_attributes": [],
          "private": "eyJlMmJmYjczMC1lY2FhLTExZTYtOGY4OC0zNDM2M2JjN2M0YzAiOnsiZGVsZXRlIjoxMjAwMDAwMDAwMDAwfX0="
        }
      ]
    },
    {
      "module": "module.crictracker-matchmanagement-stag",
      "mode": "managed",
      "type": "aws_ecr_repository",
      "name": "main",
      "provider": "provider[\"registry.terraform.io/hashicorp/aws\"]",
      "instances": [
        {
          "schema_version": 0,
          "attributes": {
            "arn": "arn:aws:ecr:ap-south-1:693583001687:repository/crictracker-matchmanagement-stag",
            "encryption_configuration": [
              {
                "encryption_type": "AES256",
                "kms_key": ""
              }
            ],
            "id": "crictracker-matchmanagement-stag",
            "image_scanning_configuration": [
              {
                "scan_on_push": true
              }
            ],
            "image_tag_mutability": "MUTABLE",
            "name": "crictracker-matchmanagement-stag",
            "registry_id": "693583001687",
            "repository_url": "693583001687.dkr.ecr.ap-south-1.amazonaws.com/crictracker-matchmanagement-stag",
            "tags": {},
            "tags_all": {},
            "timeouts": null
          },
          "sensitive_attributes": [],
          "private": "eyJlMmJmYjczMC1lY2FhLTExZTYtOGY4OC0zNDM2M2JjN2M0YzAiOnsiZGVsZXRlIjoxMjAwMDAwMDAwMDAwfX0="
        }
      ]
    },
    {
      "module": "module.crictracker-migrations",
      "mode": "managed",
      "type": "aws_ecr_repository",
      "name": "main",
      "provider": "provider[\"registry.terraform.io/hashicorp/aws\"]",
      "instances": [
        {
          "schema_version": 0,
          "attributes": {
            "arn": "arn:aws:ecr:ap-south-1:693583001687:repository/crictracker-migrations",
            "encryption_configuration": [
              {
                "encryption_type": "AES256",
                "kms_key": ""
              }
            ],
            "id": "crictracker-migrations",
            "image_scanning_configuration": [
              {
                "scan_on_push": true
              }
            ],
            "image_tag_mutability": "MUTABLE",
            "name": "crictracker-migrations",
            "registry_id": "693583001687",
            "repository_url": "693583001687.dkr.ecr.ap-south-1.amazonaws.com/crictracker-migrations",
            "tags": {},
            "tags_all": {},
            "timeouts": null
          },
          "sensitive_attributes": [],
          "private": "eyJlMmJmYjczMC1lY2FhLTExZTYtOGY4OC0zNDM2M2JjN2M0YzAiOnsiZGVsZXRlIjoxMjAwMDAwMDAwMDAwfX0="
        }
      ]
    },
    {
      "module": "module.crictracker-migrations-dev",
      "mode": "managed",
      "type": "aws_ecr_repository",
      "name": "main",
      "provider": "provider[\"registry.terraform.io/hashicorp/aws\"]",
      "instances": [
        {
          "schema_version": 0,
          "attributes": {
            "arn": "arn:aws:ecr:ap-south-1:693583001687:repository/crictracker-migrations-dev",
            "encryption_configuration": [
              {
                "encryption_type": "AES256",
                "kms_key": ""
              }
            ],
            "id": "crictracker-migrations-dev",
            "image_scanning_configuration": [
              {
                "scan_on_push": true
              }
            ],
            "image_tag_mutability": "MUTABLE",
            "name": "crictracker-migrations-dev",
            "registry_id": "693583001687",
            "repository_url": "693583001687.dkr.ecr.ap-south-1.amazonaws.com/crictracker-migrations-dev",
            "tags": {},
            "tags_all": {},
            "timeouts": null
          },
          "sensitive_attributes": [],
          "private": "eyJlMmJmYjczMC1lY2FhLTExZTYtOGY4OC0zNDM2M2JjN2M0YzAiOnsiZGVsZXRlIjoxMjAwMDAwMDAwMDAwfX0="
        }
      ]
    },
    {
      "module": "module.crictracker-migrations-local-dev",
      "mode": "managed",
      "type": "aws_ecr_repository",
      "name": "main",
      "provider": "provider[\"registry.terraform.io/hashicorp/aws\"]",
      "instances": [
        {
          "schema_version": 0,
          "attributes": {
            "arn": "arn:aws:ecr:ap-south-1:693583001687:repository/crictracker-migrations-local-dev",
            "encryption_configuration": [
              {
                "encryption_type": "AES256",
                "kms_key": ""
              }
            ],
            "id": "crictracker-migrations-local-dev",
            "image_scanning_configuration": [
              {
                "scan_on_push": true
              }
            ],
            "image_tag_mutability": "MUTABLE",
            "name": "crictracker-migrations-local-dev",
            "registry_id": "693583001687",
            "repository_url": "693583001687.dkr.ecr.ap-south-1.amazonaws.com/crictracker-migrations-local-dev",
            "tags": {},
            "tags_all": {},
            "timeouts": null
          },
          "sensitive_attributes": [],
          "private": "eyJlMmJmYjczMC1lY2FhLTExZTYtOGY4OC0zNDM2M2JjN2M0YzAiOnsiZGVsZXRlIjoxMjAwMDAwMDAwMDAwfX0="
        }
      ]
    },
    {
      "module": "module.crictracker-migrations-stag",
      "mode": "managed",
      "type": "aws_ecr_repository",
      "name": "main",
      "provider": "provider[\"registry.terraform.io/hashicorp/aws\"]",
      "instances": [
        {
          "schema_version": 0,
          "attributes": {
            "arn": "arn:aws:ecr:ap-south-1:693583001687:repository/crictracker-migrations-stag",
            "encryption_configuration": [
              {
                "encryption_type": "AES256",
                "kms_key": ""
              }
            ],
            "id": "crictracker-migrations-stag",
            "image_scanning_configuration": [
              {
                "scan_on_push": true
              }
            ],
            "image_tag_mutability": "MUTABLE",
            "name": "crictracker-migrations-stag",
            "registry_id": "693583001687",
            "repository_url": "693583001687.dkr.ecr.ap-south-1.amazonaws.com/crictracker-migrations-stag",
            "tags": {},
            "tags_all": {},
            "timeouts": null
          },
          "sensitive_attributes": [],
          "private": "eyJlMmJmYjczMC1lY2FhLTExZTYtOGY4OC0zNDM2M2JjN2M0YzAiOnsiZGVsZXRlIjoxMjAwMDAwMDAwMDAwfX0="
        }
      ]
    },
    {
      "module": "module.crictracker-mongodbdumps",
      "mode": "managed",
      "type": "aws_ecr_repository",
      "name": "main",
      "provider": "provider[\"registry.terraform.io/hashicorp/aws\"]",
      "instances": [
        {
          "schema_version": 0,
          "attributes": {
            "arn": "arn:aws:ecr:ap-south-1:693583001687:repository/crictracker-mongodbdumps",
            "encryption_configuration": [
              {
                "encryption_type": "AES256",
                "kms_key": ""
              }
            ],
            "id": "crictracker-mongodbdumps",
            "image_scanning_configuration": [
              {
                "scan_on_push": true
              }
            ],
            "image_tag_mutability": "MUTABLE",
            "name": "crictracker-mongodbdumps",
            "registry_id": "693583001687",
            "repository_url": "693583001687.dkr.ecr.ap-south-1.amazonaws.com/crictracker-mongodbdumps",
            "tags": {},
            "tags_all": {},
            "timeouts": null
          },
          "sensitive_attributes": [],
          "private": "eyJlMmJmYjczMC1lY2FhLTExZTYtOGY4OC0zNDM2M2JjN2M0YzAiOnsiZGVsZXRlIjoxMjAwMDAwMDAwMDAwfX0="
        }
      ]
    },
    {
      "module": "module.crictracker-mongodbdumps-dev",
      "mode": "managed",
      "type": "aws_ecr_repository",
      "name": "main",
      "provider": "provider[\"registry.terraform.io/hashicorp/aws\"]",
      "instances": [
        {
          "schema_version": 0,
          "attributes": {
            "arn": "arn:aws:ecr:ap-south-1:693583001687:repository/crictracker-mongodbdumps-dev",
            "encryption_configuration": [
              {
                "encryption_type": "AES256",
                "kms_key": ""
              }
            ],
            "id": "crictracker-mongodbdumps-dev",
            "image_scanning_configuration": [
              {
                "scan_on_push": true
              }
            ],
            "image_tag_mutability": "MUTABLE",
            "name": "crictracker-mongodbdumps-dev",
            "registry_id": "693583001687",
            "repository_url": "693583001687.dkr.ecr.ap-south-1.amazonaws.com/crictracker-mongodbdumps-dev",
            "tags": {},
            "tags_all": {},
            "timeouts": null
          },
          "sensitive_attributes": [],
          "private": "eyJlMmJmYjczMC1lY2FhLTExZTYtOGY4OC0zNDM2M2JjN2M0YzAiOnsiZGVsZXRlIjoxMjAwMDAwMDAwMDAwfX0="
        }
      ]
    },
    {
      "module": "module.crictracker-mongodbdumps-local-dev",
      "mode": "managed",
      "type": "aws_ecr_repository",
      "name": "main",
      "provider": "provider[\"registry.terraform.io/hashicorp/aws\"]",
      "instances": [
        {
          "schema_version": 0,
          "attributes": {
            "arn": "arn:aws:ecr:ap-south-1:693583001687:repository/crictracker-mongodbdumps-local-dev",
            "encryption_configuration": [
              {
                "encryption_type": "AES256",
                "kms_key": ""
              }
            ],
            "id": "crictracker-mongodbdumps-local-dev",
            "image_scanning_configuration": [
              {
                "scan_on_push": true
              }
            ],
            "image_tag_mutability": "MUTABLE",
            "name": "crictracker-mongodbdumps-local-dev",
            "registry_id": "693583001687",
            "repository_url": "693583001687.dkr.ecr.ap-south-1.amazonaws.com/crictracker-mongodbdumps-local-dev",
            "tags": {},
            "tags_all": {},
            "timeouts": null
          },
          "sensitive_attributes": [],
          "private": "eyJlMmJmYjczMC1lY2FhLTExZTYtOGY4OC0zNDM2M2JjN2M0YzAiOnsiZGVsZXRlIjoxMjAwMDAwMDAwMDAwfX0="
        }
      ]
    },
    {
      "module": "module.crictracker-redis-server",
      "mode": "managed",
      "type": "aws_ecr_repository",
      "name": "main",
      "provider": "provider[\"registry.terraform.io/hashicorp/aws\"]",
      "instances": [
        {
          "schema_version": 0,
          "attributes": {
            "arn": "arn:aws:ecr:ap-south-1:693583001687:repository/crictracker-redis-server",
            "encryption_configuration": [
              {
                "encryption_type": "AES256",
                "kms_key": ""
              }
            ],
            "id": "crictracker-redis-server",
            "image_scanning_configuration": [
              {
                "scan_on_push": true
              }
            ],
            "image_tag_mutability": "MUTABLE",
            "name": "crictracker-redis-server",
            "registry_id": "693583001687",
            "repository_url": "693583001687.dkr.ecr.ap-south-1.amazonaws.com/crictracker-redis-server",
            "tags": {},
            "tags_all": {},
            "timeouts": null
          },
          "sensitive_attributes": [],
          "private": "eyJlMmJmYjczMC1lY2FhLTExZTYtOGY4OC0zNDM2M2JjN2M0YzAiOnsiZGVsZXRlIjoxMjAwMDAwMDAwMDAwfX0="
        }
      ]
    },
    {
      "module": "module.crictracker-redis-server-dev",
      "mode": "managed",
      "type": "aws_ecr_repository",
      "name": "main",
      "provider": "provider[\"registry.terraform.io/hashicorp/aws\"]",
      "instances": [
        {
          "schema_version": 0,
          "attributes": {
            "arn": "arn:aws:ecr:ap-south-1:693583001687:repository/crictracker-redis-server-dev",
            "encryption_configuration": [
              {
                "encryption_type": "AES256",
                "kms_key": ""
              }
            ],
            "id": "crictracker-redis-server-dev",
            "image_scanning_configuration": [
              {
                "scan_on_push": true
              }
            ],
            "image_tag_mutability": "MUTABLE",
            "name": "crictracker-redis-server-dev",
            "registry_id": "693583001687",
            "repository_url": "693583001687.dkr.ecr.ap-south-1.amazonaws.com/crictracker-redis-server-dev",
            "tags": {},
            "tags_all": {},
            "timeouts": null
          },
          "sensitive_attributes": [],
          "private": "eyJlMmJmYjczMC1lY2FhLTExZTYtOGY4OC0zNDM2M2JjN2M0YzAiOnsiZGVsZXRlIjoxMjAwMDAwMDAwMDAwfX0="
        }
      ]
    },
    {
      "module": "module.crictracker-redis-server-local-dev",
      "mode": "managed",
      "type": "aws_ecr_repository",
      "name": "main",
      "provider": "provider[\"registry.terraform.io/hashicorp/aws\"]",
      "instances": [
        {
          "schema_version": 0,
          "attributes": {
            "arn": "arn:aws:ecr:ap-south-1:693583001687:repository/crictracker-redis-server-local-dev",
            "encryption_configuration": [
              {
                "encryption_type": "AES256",
                "kms_key": ""
              }
            ],
            "id": "crictracker-redis-server-local-dev",
            "image_scanning_configuration": [
              {
                "scan_on_push": true
              }
            ],
            "image_tag_mutability": "MUTABLE",
            "name": "crictracker-redis-server-local-dev",
            "registry_id": "693583001687",
            "repository_url": "693583001687.dkr.ecr.ap-south-1.amazonaws.com/crictracker-redis-server-local-dev",
            "tags": {},
            "tags_all": {},
            "timeouts": null
          },
          "sensitive_attributes": [],
          "private": "eyJlMmJmYjczMC1lY2FhLTExZTYtOGY4OC0zNDM2M2JjN2M0YzAiOnsiZGVsZXRlIjoxMjAwMDAwMDAwMDAwfX0="
        }
      ]
    },
    {
      "module": "module.crictracker-redis-server-stag",
      "mode": "managed",
      "type": "aws_ecr_repository",
      "name": "main",
      "provider": "provider[\"registry.terraform.io/hashicorp/aws\"]",
      "instances": [
        {
          "schema_version": 0,
          "attributes": {
            "arn": "arn:aws:ecr:ap-south-1:693583001687:repository/crictracker-redis-server-stag",
            "encryption_configuration": [
              {
                "encryption_type": "AES256",
                "kms_key": ""
              }
            ],
            "id": "crictracker-redis-server-stag",
            "image_scanning_configuration": [
              {
                "scan_on_push": true
              }
            ],
            "image_tag_mutability": "MUTABLE",
            "name": "crictracker-redis-server-stag",
            "registry_id": "693583001687",
            "repository_url": "693583001687.dkr.ecr.ap-south-1.amazonaws.com/crictracker-redis-server-stag",
            "tags": {},
            "tags_all": {},
            "timeouts": null
          },
          "sensitive_attributes": [],
          "private": "eyJlMmJmYjczMC1lY2FhLTExZTYtOGY4OC0zNDM2M2JjN2M0YzAiOnsiZGVsZXRlIjoxMjAwMDAwMDAwMDAwfX0="
        }
      ]
    },
    {
      "module": "module.crictracker-seo",
      "mode": "managed",
      "type": "aws_ecr_repository",
      "name": "main",
      "provider": "provider[\"registry.terraform.io/hashicorp/aws\"]",
      "instances": [
        {
          "schema_version": 0,
          "attributes": {
            "arn": "arn:aws:ecr:ap-south-1:693583001687:repository/crictracker-seo",
            "encryption_configuration": [
              {
                "encryption_type": "AES256",
                "kms_key": ""
              }
            ],
            "id": "crictracker-seo",
            "image_scanning_configuration": [
              {
                "scan_on_push": true
              }
            ],
            "image_tag_mutability": "MUTABLE",
            "name": "crictracker-seo",
            "registry_id": "693583001687",
            "repository_url": "693583001687.dkr.ecr.ap-south-1.amazonaws.com/crictracker-seo",
            "tags": {},
            "tags_all": {},
            "timeouts": null
          },
          "sensitive_attributes": [],
          "private": "eyJlMmJmYjczMC1lY2FhLTExZTYtOGY4OC0zNDM2M2JjN2M0YzAiOnsiZGVsZXRlIjoxMjAwMDAwMDAwMDAwfX0="
        }
      ]
    },
    {
      "module": "module.crictracker-seo-dev",
      "mode": "managed",
      "type": "aws_ecr_repository",
      "name": "main",
      "provider": "provider[\"registry.terraform.io/hashicorp/aws\"]",
      "instances": [
        {
          "schema_version": 0,
          "attributes": {
            "arn": "arn:aws:ecr:ap-south-1:693583001687:repository/crictracker-seo-dev",
            "encryption_configuration": [
              {
                "encryption_type": "AES256",
                "kms_key": ""
              }
            ],
            "id": "crictracker-seo-dev",
            "image_scanning_configuration": [
              {
                "scan_on_push": true
              }
            ],
            "image_tag_mutability": "MUTABLE",
            "name": "crictracker-seo-dev",
            "registry_id": "693583001687",
            "repository_url": "693583001687.dkr.ecr.ap-south-1.amazonaws.com/crictracker-seo-dev",
            "tags": {},
            "tags_all": {},
            "timeouts": null
          },
          "sensitive_attributes": [],
          "private": "eyJlMmJmYjczMC1lY2FhLTExZTYtOGY4OC0zNDM2M2JjN2M0YzAiOnsiZGVsZXRlIjoxMjAwMDAwMDAwMDAwfX0="
        }
      ]
    },
    {
      "module": "module.crictracker-seo-local-dev",
      "mode": "managed",
      "type": "aws_ecr_repository",
      "name": "main",
      "provider": "provider[\"registry.terraform.io/hashicorp/aws\"]",
      "instances": [
        {
          "schema_version": 0,
          "attributes": {
            "arn": "arn:aws:ecr:ap-south-1:693583001687:repository/crictracker-seo-local-dev",
            "encryption_configuration": [
              {
                "encryption_type": "AES256",
                "kms_key": ""
              }
            ],
            "id": "crictracker-seo-local-dev",
            "image_scanning_configuration": [
              {
                "scan_on_push": true
              }
            ],
            "image_tag_mutability": "MUTABLE",
            "name": "crictracker-seo-local-dev",
            "registry_id": "693583001687",
            "repository_url": "693583001687.dkr.ecr.ap-south-1.amazonaws.com/crictracker-seo-local-dev",
            "tags": {},
            "tags_all": {},
            "timeouts": null
          },
          "sensitive_attributes": [],
          "private": "eyJlMmJmYjczMC1lY2FhLTExZTYtOGY4OC0zNDM2M2JjN2M0YzAiOnsiZGVsZXRlIjoxMjAwMDAwMDAwMDAwfX0="
        }
      ]
    },
    {
      "module": "module.crictracker-seo-stag",
      "mode": "managed",
      "type": "aws_ecr_repository",
      "name": "main",
      "provider": "provider[\"registry.terraform.io/hashicorp/aws\"]",
      "instances": [
        {
          "schema_version": 0,
          "attributes": {
            "arn": "arn:aws:ecr:ap-south-1:693583001687:repository/crictracker-seo-stag",
            "encryption_configuration": [
              {
                "encryption_type": "AES256",
                "kms_key": ""
              }
            ],
            "id": "crictracker-seo-stag",
            "image_scanning_configuration": [
              {
                "scan_on_push": true
              }
            ],
            "image_tag_mutability": "MUTABLE",
            "name": "crictracker-seo-stag",
            "registry_id": "693583001687",
            "repository_url": "693583001687.dkr.ecr.ap-south-1.amazonaws.com/crictracker-seo-stag",
            "tags": {},
            "tags_all": {},
            "timeouts": null
          },
          "sensitive_attributes": [],
          "private": "eyJlMmJmYjczMC1lY2FhLTExZTYtOGY4OC0zNDM2M2JjN2M0YzAiOnsiZGVsZXRlIjoxMjAwMDAwMDAwMDAwfX0="
        }
      ]
    },
    {
      "module": "module.crictracker-subscription",
      "mode": "managed",
      "type": "aws_ecr_repository",
      "name": "main",
      "provider": "provider[\"registry.terraform.io/hashicorp/aws\"]",
      "instances": [
        {
          "schema_version": 0,
          "attributes": {
            "arn": "arn:aws:ecr:ap-south-1:693583001687:repository/crictracker-subscription",
            "encryption_configuration": [
              {
                "encryption_type": "AES256",
                "kms_key": ""
              }
            ],
            "id": "crictracker-subscription",
            "image_scanning_configuration": [
              {
                "scan_on_push": true
              }
            ],
            "image_tag_mutability": "MUTABLE",
            "name": "crictracker-subscription",
            "registry_id": "693583001687",
            "repository_url": "693583001687.dkr.ecr.ap-south-1.amazonaws.com/crictracker-subscription",
            "tags": {},
            "tags_all": {},
            "timeouts": null
          },
          "sensitive_attributes": [],
          "private": "eyJlMmJmYjczMC1lY2FhLTExZTYtOGY4OC0zNDM2M2JjN2M0YzAiOnsiZGVsZXRlIjoxMjAwMDAwMDAwMDAwfX0="
        }
      ]
    },
    {
      "module": "module.crictracker-subscription-dev",
      "mode": "managed",
      "type": "aws_ecr_repository",
      "name": "main",
      "provider": "provider[\"registry.terraform.io/hashicorp/aws\"]",
      "instances": [
        {
          "schema_version": 0,
          "attributes": {
            "arn": "arn:aws:ecr:ap-south-1:693583001687:repository/crictracker-subscription-dev",
            "encryption_configuration": [
              {
                "encryption_type": "AES256",
                "kms_key": ""
              }
            ],
            "id": "crictracker-subscription-dev",
            "image_scanning_configuration": [
              {
                "scan_on_push": true
              }
            ],
            "image_tag_mutability": "MUTABLE",
            "name": "crictracker-subscription-dev",
            "registry_id": "693583001687",
            "repository_url": "693583001687.dkr.ecr.ap-south-1.amazonaws.com/crictracker-subscription-dev",
            "tags": {},
            "tags_all": {},
            "timeouts": null
          },
          "sensitive_attributes": [],
          "private": "eyJlMmJmYjczMC1lY2FhLTExZTYtOGY4OC0zNDM2M2JjN2M0YzAiOnsiZGVsZXRlIjoxMjAwMDAwMDAwMDAwfX0="
        }
      ]
    },
    {
      "module": "module.crictracker-subscription-local-dev",
      "mode": "managed",
      "type": "aws_ecr_repository",
      "name": "main",
      "provider": "provider[\"registry.terraform.io/hashicorp/aws\"]",
      "instances": [
        {
          "schema_version": 0,
          "attributes": {
            "arn": "arn:aws:ecr:ap-south-1:693583001687:repository/crictracker-subscription-local-dev",
            "encryption_configuration": [
              {
                "encryption_type": "AES256",
                "kms_key": ""
              }
            ],
            "id": "crictracker-subscription-local-dev",
            "image_scanning_configuration": [
              {
                "scan_on_push": true
              }
            ],
            "image_tag_mutability": "MUTABLE",
            "name": "crictracker-subscription-local-dev",
            "registry_id": "693583001687",
            "repository_url": "693583001687.dkr.ecr.ap-south-1.amazonaws.com/crictracker-subscription-local-dev",
            "tags": {},
            "tags_all": {},
            "timeouts": null
          },
          "sensitive_attributes": [],
          "private": "eyJlMmJmYjczMC1lY2FhLTExZTYtOGY4OC0zNDM2M2JjN2M0YzAiOnsiZGVsZXRlIjoxMjAwMDAwMDAwMDAwfX0="
        }
      ]
    },
    {
      "module": "module.crictracker-subscription-stag",
      "mode": "managed",
      "type": "aws_ecr_repository",
      "name": "main",
      "provider": "provider[\"registry.terraform.io/hashicorp/aws\"]",
      "instances": [
        {
          "schema_version": 0,
          "attributes": {
            "arn": "arn:aws:ecr:ap-south-1:693583001687:repository/crictracker-subscription-stag",
            "encryption_configuration": [
              {
                "encryption_type": "AES256",
                "kms_key": ""
              }
            ],
            "id": "crictracker-subscription-stag",
            "image_scanning_configuration": [
              {
                "scan_on_push": true
              }
            ],
            "image_tag_mutability": "MUTABLE",
            "name": "crictracker-subscription-stag",
            "registry_id": "693583001687",
            "repository_url": "693583001687.dkr.ecr.ap-south-1.amazonaws.com/crictracker-subscription-stag",
            "tags": {},
            "tags_all": {},
            "timeouts": null
          },
          "sensitive_attributes": [],
          "private": "eyJlMmJmYjczMC1lY2FhLTExZTYtOGY4OC0zNDM2M2JjN2M0YzAiOnsiZGVsZXRlIjoxMjAwMDAwMDAwMDAwfX0="
        }
      ]
    },
    {
      "module": "module.crictracker-website",
      "mode": "managed",
      "type": "aws_ecr_repository",
      "name": "main",
      "provider": "provider[\"registry.terraform.io/hashicorp/aws\"]",
      "instances": [
        {
          "schema_version": 0,
          "attributes": {
            "arn": "arn:aws:ecr:ap-south-1:693583001687:repository/crictracker-website",
            "encryption_configuration": [
              {
                "encryption_type": "AES256",
                "kms_key": ""
              }
            ],
            "id": "crictracker-website",
            "image_scanning_configuration": [
              {
                "scan_on_push": true
              }
            ],
            "image_tag_mutability": "MUTABLE",
            "name": "crictracker-website",
            "registry_id": "693583001687",
            "repository_url": "693583001687.dkr.ecr.ap-south-1.amazonaws.com/crictracker-website",
            "tags": {},
            "tags_all": {},
            "timeouts": null
          },
          "sensitive_attributes": [],
          "private": "eyJlMmJmYjczMC1lY2FhLTExZTYtOGY4OC0zNDM2M2JjN2M0YzAiOnsiZGVsZXRlIjoxMjAwMDAwMDAwMDAwfX0="
        }
      ]
    },
    {
      "module": "module.crictracker-website-dev",
      "mode": "managed",
      "type": "aws_ecr_repository",
      "name": "main",
      "provider": "provider[\"registry.terraform.io/hashicorp/aws\"]",
      "instances": [
        {
          "schema_version": 0,
          "attributes": {
            "arn": "arn:aws:ecr:ap-south-1:693583001687:repository/crictracker-website-dev",
            "encryption_configuration": [
              {
                "encryption_type": "AES256",
                "kms_key": ""
              }
            ],
            "id": "crictracker-website-dev",
            "image_scanning_configuration": [
              {
                "scan_on_push": true
              }
            ],
            "image_tag_mutability": "MUTABLE",
            "name": "crictracker-website-dev",
            "registry_id": "693583001687",
            "repository_url": "693583001687.dkr.ecr.ap-south-1.amazonaws.com/crictracker-website-dev",
            "tags": {},
            "tags_all": {},
            "timeouts": null
          },
          "sensitive_attributes": [],
          "private": "eyJlMmJmYjczMC1lY2FhLTExZTYtOGY4OC0zNDM2M2JjN2M0YzAiOnsiZGVsZXRlIjoxMjAwMDAwMDAwMDAwfX0="
        }
      ]
    },
    {
      "module": "module.crictracker-website-local-dev",
      "mode": "managed",
      "type": "aws_ecr_repository",
      "name": "main",
      "provider": "provider[\"registry.terraform.io/hashicorp/aws\"]",
      "instances": [
        {
          "schema_version": 0,
          "attributes": {
            "arn": "arn:aws:ecr:ap-south-1:693583001687:repository/crictracker-website-local-dev",
            "encryption_configuration": [
              {
                "encryption_type": "AES256",
                "kms_key": ""
              }
            ],
            "id": "crictracker-website-local-dev",
            "image_scanning_configuration": [
              {
                "scan_on_push": true
              }
            ],
            "image_tag_mutability": "MUTABLE",
            "name": "crictracker-website-local-dev",
            "registry_id": "693583001687",
            "repository_url": "693583001687.dkr.ecr.ap-south-1.amazonaws.com/crictracker-website-local-dev",
            "tags": {},
            "tags_all": {},
            "timeouts": null
          },
          "sensitive_attributes": [],
          "private": "eyJlMmJmYjczMC1lY2FhLTExZTYtOGY4OC0zNDM2M2JjN2M0YzAiOnsiZGVsZXRlIjoxMjAwMDAwMDAwMDAwfX0="
        }
      ]
    },
    {
      "module": "module.crictracker-website-stag",
      "mode": "managed",
      "type": "aws_ecr_repository",
      "name": "main",
      "provider": "provider[\"registry.terraform.io/hashicorp/aws\"]",
      "instances": [
        {
          "schema_version": 0,
          "attributes": {
            "arn": "arn:aws:ecr:ap-south-1:693583001687:repository/crictracker-website-stag",
            "encryption_configuration": [
              {
                "encryption_type": "AES256",
                "kms_key": ""
              }
            ],
            "id": "crictracker-website-stag",
            "image_scanning_configuration": [
              {
                "scan_on_push": true
              }
            ],
            "image_tag_mutability": "MUTABLE",
            "name": "crictracker-website-stag",
            "registry_id": "693583001687",
            "repository_url": "693583001687.dkr.ecr.ap-south-1.amazonaws.com/crictracker-website-stag",
            "tags": {},
            "tags_all": {},
            "timeouts": null
          },
          "sensitive_attributes": [],
          "private": "eyJlMmJmYjczMC1lY2FhLTExZTYtOGY4OC0zNDM2M2JjN2M0YzAiOnsiZGVsZXRlIjoxMjAwMDAwMDAwMDAwfX0="
        }
      ]
    },
    {
      "module": "module.crictracker_admin_panel",
      "mode": "managed",
      "type": "aws_s3_bucket",
      "name": "main",
      "provider": "provider[\"registry.terraform.io/hashicorp/aws\"]",
      "instances": [
        {
          "schema_version": 0,
          "attributes": {
            "acceleration_status": "",
            "acl": "private",
            "arn": "arn:aws:s3:::crictracker-admin-panel-08032022",
            "bucket": "crictracker-admin-panel-08032022",
            "bucket_domain_name": "crictracker-admin-panel-08032022.s3.amazonaws.com",
            "bucket_prefix": null,
            "bucket_regional_domain_name": "crictracker-admin-panel-08032022.s3.ap-south-1.amazonaws.com",
            "cors_rule": [
              {
                "allowed_headers": [
                  "*"
                ],
                "allowed_methods": [
                  "PUT",
                  "POST",
                  "GET"
                ],
                "allowed_origins": [
                  "*"
                ],
                "expose_headers": [],
                "max_age_seconds": 0
              }
            ],
            "force_destroy": false,
            "grant": [],
            "hosted_zone_id": "Z11RGJOFQNVJUP",
            "id": "crictracker-admin-panel-08032022",
            "lifecycle_rule": [],
            "logging": [
              {
                "target_bucket": "crictracker-s3-logs",
                "target_prefix": ""
              }
            ],
            "object_lock_configuration": [],
            "policy": "",
            "region": "ap-south-1",
            "replication_configuration": [],
            "request_payer": "BucketOwner",
            "server_side_encryption_configuration": [],
            "tags": {},
            "tags_all": {},
            "versioning": [
              {
                "enabled": false,
                "mfa_delete": false
              }
            ],
            "website": [],
            "website_domain": null,
            "website_endpoint": null
          },
          "sensitive_attributes": [],
          "private": "bnVsbA=="
        }
      ]
    },
    {
      "module": "module.crictracker_admin_panel_local_dev",
      "mode": "managed",
      "type": "aws_s3_bucket",
      "name": "main",
      "provider": "provider[\"registry.terraform.io/hashicorp/aws\"]",
      "instances": [
        {
          "schema_version": 0,
          "attributes": {
            "acceleration_status": "",
            "acl": "private",
            "arn": "arn:aws:s3:::crictracker-admin-panel-local-dev-08032022",
            "bucket": "crictracker-admin-panel-local-dev-08032022",
            "bucket_domain_name": "crictracker-admin-panel-local-dev-08032022.s3.amazonaws.com",
            "bucket_prefix": null,
            "bucket_regional_domain_name": "crictracker-admin-panel-local-dev-08032022.s3.ap-south-1.amazonaws.com",
            "cors_rule": [
              {
                "allowed_headers": [
                  "*"
                ],
                "allowed_methods": [
                  "PUT",
                  "POST",
                  "GET"
                ],
                "allowed_origins": [
                  "*"
                ],
                "expose_headers": [],
                "max_age_seconds": 0
              }
            ],
            "force_destroy": false,
            "grant": [],
            "hosted_zone_id": "Z11RGJOFQNVJUP",
            "id": "crictracker-admin-panel-local-dev-08032022",
            "lifecycle_rule": [],
            "logging": [],
            "object_lock_configuration": [],
            "policy": "",
            "region": "ap-south-1",
            "replication_configuration": [],
            "request_payer": "BucketOwner",
            "server_side_encryption_configuration": [],
            "tags": {},
            "tags_all": {},
            "versioning": [
              {
                "enabled": false,
                "mfa_delete": false
              }
            ],
            "website": [],
            "website_domain": null,
            "website_endpoint": null
          },
          "sensitive_attributes": [],
          "private": "bnVsbA=="
        }
      ]
    },
    {
      "module": "module.crictracker_admin_panel_local_dev_policy",
      "mode": "managed",
      "type": "aws_s3_bucket_policy",
      "name": "main",
      "provider": "provider[\"registry.terraform.io/hashicorp/aws\"]",
      "instances": [
        {
          "schema_version": 0,
          "attributes": {
            "bucket": "crictracker-admin-panel-local-dev-08032022",
            "id": "crictracker-admin-panel-local-dev-08032022",
            "policy": "{\"Version\":\"2012-10-17\",\"Statement\":[{\"Sid\":\"PublicReadGetObject\",\"Effect\":\"Allow\",\"Principal\":\"*\",\"Action\":\"*\",\"Resource\":[\"arn:aws:s3:::crictracker-admin-panel-local-dev-08032022\",\"arn:aws:s3:::crictracker-admin-panel-local-dev-08032022/*\"]}]}"
          },
          "sensitive_attributes": [],
          "private": "bnVsbA==",
          "dependencies": [
            "module.crictracker_admin_panel_local_dev.aws_s3_bucket.main"
          ]
        }
      ]
    },
    {
      "module": "module.crictracker_admin_panel_policy",
      "mode": "managed",
      "type": "aws_s3_bucket_policy",
      "name": "main",
      "provider": "provider[\"registry.terraform.io/hashicorp/aws\"]",
      "instances": [
        {
          "schema_version": 0,
          "attributes": {
            "bucket": "crictracker-admin-panel-08032022",
            "id": "crictracker-admin-panel-08032022",
            "policy": "{\"Version\":\"2012-10-17\",\"Statement\":[{\"Sid\":\"PublicReadGetObject\",\"Effect\":\"Allow\",\"Principal\":\"*\",\"Action\":\"*\",\"Resource\":[\"arn:aws:s3:::crictracker-admin-panel-08032022\",\"arn:aws:s3:::crictracker-admin-panel-08032022/*\"]}]}"
          },
          "sensitive_attributes": [],
          "private": "bnVsbA==",
          "dependencies": [
            "module.crictracker_admin_panel.aws_s3_bucket.main"
          ]
        }
      ]
    },
    {
      "module": "module.crictracker_alb_logs_bucket",
      "mode": "managed",
      "type": "aws_s3_bucket",
      "name": "main",
      "provider": "provider[\"registry.terraform.io/hashicorp/aws\"]",
      "instances": [
        {
          "schema_version": 0,
          "attributes": {
            "acceleration_status": "",
            "acl": "private",
            "arn": "arn:aws:s3:::crictracker-alb-logs-08032022",
            "bucket": "crictracker-alb-logs-08032022",
            "bucket_domain_name": "crictracker-alb-logs-08032022.s3.amazonaws.com",
            "bucket_prefix": null,
            "bucket_regional_domain_name": "crictracker-alb-logs-08032022.s3.ap-south-1.amazonaws.com",
            "cors_rule": [],
            "force_destroy": false,
            "grant": [],
            "hosted_zone_id": "Z11RGJOFQNVJUP",
            "id": "crictracker-alb-logs-08032022",
            "lifecycle_rule": [],
            "logging": [],
            "object_lock_configuration": [],
            "policy": "",
            "region": "ap-south-1",
            "replication_configuration": [],
            "request_payer": "BucketOwner",
            "server_side_encryption_configuration": [],
            "tags": {},
            "tags_all": {},
            "versioning": [
              {
                "enabled": false,
                "mfa_delete": false
              }
            ],
            "website": [],
            "website_domain": null,
            "website_endpoint": null
          },
          "sensitive_attributes": [],
          "private": "bnVsbA=="
        }
      ]
    },
    {
      "module": "module.crictracker_eip_az_a",
      "mode": "managed",
      "type": "aws_eip",
      "name": "main",
      "provider": "provider[\"registry.terraform.io/hashicorp/aws\"]",
      "instances": [
        {
          "schema_version": 0,
          "attributes": {
            "address": null,
            "allocation_id": "eipalloc-00f6aba0722d2585a",
            "associate_with_private_ip": null,
            "association_id": "eipassoc-009d3df314d16f783",
            "carrier_ip": "",
            "customer_owned_ip": "",
            "customer_owned_ipv4_pool": "",
            "domain": "vpc",
            "id": "eipalloc-00f6aba0722d2585a",
            "instance": "",
            "network_border_group": "ap-south-1",
            "network_interface": "eni-033df84945bf1a711",
            "private_dns": "ip-10-0-255-47.ap-south-1.compute.internal",
            "private_ip": "10.0.255.47",
            "public_dns": "ec2-13-233-79-9.ap-south-1.compute.amazonaws.com",
            "public_ip": "13.233.79.9",
            "public_ipv4_pool": "amazon",
            "tags": {
              "Author": "Terraform",
              "Contact": "Aman Makwana",
              "Environment": "Production",
              "Name": "crictracker-az-a"
            },
            "tags_all": {
              "Author": "Terraform",
              "Contact": "Aman Makwana",
              "Environment": "Production",
              "Name": "crictracker-az-a"
            },
            "timeouts": null,
            "vpc": true
          },
          "sensitive_attributes": [],
          "private": "eyJlMmJmYjczMC1lY2FhLTExZTYtOGY4OC0zNDM2M2JjN2M0YzAiOnsiZGVsZXRlIjoxODAwMDAwMDAwMDAsInJlYWQiOjkwMDAwMDAwMDAwMCwidXBkYXRlIjozMDAwMDAwMDAwMDB9fQ==",
          "dependencies": [
            "module.crictracker_internet_gateway.aws_internet_gateway.main",
            "module.crictracker_vpc.aws_vpc.main"
          ]
        }
      ]
    },
    {
      "module": "module.crictracker_eks_cluster",
      "mode": "data",
      "type": "tls_certificate",
      "name": "main",
      "provider": "provider[\"registry.terraform.io/hashicorp/tls\"]",
      "instances": [
        {
          "schema_version": 0,
          "attributes": {
            "certificates": [
              {
                "is_ca": true,
                "issuer": "OU=Starfield Class 2 Certification Authority,O=Starfield Technologies\\, Inc.,C=US",
                "not_after": "2034-06-28T17:39:16Z",
                "not_before": "2009-09-02T00:00:00Z",
                "public_key_algorithm": "RSA",
                "serial_number": "12037640545166866303",
                "sha1_fingerprint": "9e99a48a9960b14926bb7f3b02e22da2b0ab7280",
                "signature_algorithm": "SHA256-RSA",
                "subject": "CN=Starfield Services Root Certificate Authority - G2,O=Starfield Technologies\\, Inc.,L=Scottsdale,ST=Arizona,C=US",
                "version": 3
              },
              {
                "is_ca": true,
                "issuer": "CN=Starfield Services Root Certificate Authority - G2,O=Starfield Technologies\\, Inc.,L=Scottsdale,ST=Arizona,C=US",
                "not_after": "2037-12-31T01:00:00Z",
                "not_before": "2015-05-25T12:00:00Z",
                "public_key_algorithm": "RSA",
                "serial_number": "144918191876577076464031512351042010504348870",
                "sha1_fingerprint": "06b25927c42a721631c1efd9431e648fa62e1e39",
                "signature_algorithm": "SHA256-RSA",
                "subject": "CN=Amazon Root CA 1,O=Amazon,C=US",
                "version": 3
              },
              {
                "is_ca": true,
                "issuer": "CN=Amazon Root CA 1,O=Amazon,C=US",
                "not_after": "2025-10-19T00:00:00Z",
                "not_before": "2015-10-22T00:00:00Z",
                "public_key_algorithm": "RSA",
                "serial_number": "144918209630989264145272943054026349679957517",
                "sha1_fingerprint": "917e732d330f9a12404f73d8bea36948b929dffc",
                "signature_algorithm": "SHA256-RSA",
                "subject": "CN=Amazon,OU=Server CA 1B,O=Amazon,C=US",
                "version": 3
              },
              {
                "is_ca": false,
                "issuer": "CN=Amazon,OU=Server CA 1B,O=Amazon,C=US",
                "not_after": "2023-06-13T23:59:59Z",
                "not_before": "2022-05-15T00:00:00Z",
                "public_key_algorithm": "RSA",
                "serial_number": "19856370426061554367714283649356133223",
                "sha1_fingerprint": "5022a6bdaf6c88acd83ccac544e693872e6a9584",
                "signature_algorithm": "SHA256-RSA",
                "subject": "CN=oidc.eks.ap-south-1.amazonaws.com",
                "version": 3
              }
            ],
            "id": "2022-09-14 04:56:01.24346 +0000 UTC",
            "url": "https://oidc.eks.ap-south-1.amazonaws.com/id/CB0982432DC6A8F351D76F5F370D7CAD",
            "verify_chain": true
          },
          "sensitive_attributes": []
        }
      ]
    },
    {
      "module": "module.crictracker_eks_cluster",
      "mode": "managed",
      "type": "aws_eks_cluster",
      "name": "main",
      "provider": "provider[\"registry.terraform.io/hashicorp/aws\"]",
      "instances": [
        {
          "schema_version": 0,
          "attributes": {
            "arn": "arn:aws:eks:ap-south-1:693583001687:cluster/crictracker",
            "certificate_authority": [
              {
                "data": "LS0tLS1CRUdJTiBDRVJUSUZJQ0FURS0tLS0tCk1JSUM1ekNDQWMrZ0F3SUJBZ0lCQURBTkJna3Foa2lHOXcwQkFRc0ZBREFWTVJNd0VRWURWUVFERXdwcmRXSmwKY201bGRHVnpNQjRYRFRJeU1ETXdPREV6TkRVME9Wb1hEVE15TURNd05URXpORFUwT1Zvd0ZURVRNQkVHQTFVRQpBeE1LYTNWaVpYSnVaWFJsY3pDQ0FTSXdEUVlKS29aSWh2Y05BUUVCQlFBRGdnRVBBRENDQVFvQ2dnRUJBTWJvCk1XKys3QmlibzNCSVFLWWtBU3RIMllhWWZyVU8va0w4cjhPRXpKMU1RSHVUZVN5NnlEZlhXb1NZLzFGck1BQksKZUtPc1YvcGsxaHo5dGxyZ0Z1anlsdUpoU0xFclFTSmdGYzlXa0puV2NtMDhoc01HV1VsYXJsek52MGd5MmoyZApFR05LcDJ2dDF3WDdVQUhqQm9OUnJ5c1BTMDFmeWxtVm5zVE9sMXNTWk1jWW9oV1k0bHUwQnJuMitDMG02dzVVCnl3SzJWb2lUUG9FMmozbTBLbjVJc1JSTjFkYytlY0FtZURSbnFWaUZBNGluS2d5bStVNUxydzhyU0NldmRZNC8KdEkzWW5wbDljdkpDRXFSNlQ0MWEvV3JweE54b21ZamRRRFAzOFlDYjA2c2NHUDgxRStlUHpVNi9aVFRDM0dyLwpOb0tjL1BKNTBRV1AyWVZtcXprQ0F3RUFBYU5DTUVBd0RnWURWUjBQQVFIL0JBUURBZ0trTUE4R0ExVWRFd0VCCi93UUZNQU1CQWY4d0hRWURWUjBPQkJZRUZDSmJVTC9nZXBpTmw4ZWorY0FRWGIveVRIQWNNQTBHQ1NxR1NJYjMKRFFFQkN3VUFBNElCQVFDQWYvaytQMWJYQ1MxamlhcVBuU1JoMVZhU3pFck1VWmJldW9WdWdnZi9UYTJ6UnJndQpTRmkzTzluN0lsaUtNQmJkRXJKMG8xRndZL08rcTcyUy9QWkhTMWlUbFp1amZXeUtxRkRBRlo3YXAvRTZDR09QCm1wYXZVWU1HV0F2S0ZJbUlMMmU3ZTNseFN1ZWRIclQ3eG91ZXhpbUtLT1FiK3FsOGdxM042eUlHRmdjRDFYQngKZEtINkZWMlZPT1k0aExTdmNHMG5CeG9OM1F1czJoOVRzcXQxVEttYWQwU0NVMkNiYXpSSzJWRnJIUWFjQnlaOAplOVV2Zmhrb3oyRytVRHZjWDk4b3F5NWphN0RuazZsVWF6YXNMTlhaRE1nRUFkUU1pZ2FadDFTQ1llRElsS3hUCkpLU1FZbmNOdm5sSDV3QkVqRTVkaWNBOHFncE8vcmZCeGRYeAotLS0tLUVORCBDRVJUSUZJQ0FURS0tLS0tCg=="
              }
            ],
            "created_at": "2022-03-08 13:39:48.602 +0000 UTC",
            "enabled_cluster_log_types": [],
            "encryption_config": [],
            "endpoint": "https://CB0982432DC6A8F351D76F5F370D7CAD.sk1.ap-south-1.eks.amazonaws.com",
            "id": "crictracker",
            "identity": [
              {
                "oidc": [
                  {
                    "issuer": "https://oidc.eks.ap-south-1.amazonaws.com/id/CB0982432DC6A8F351D76F5F370D7CAD"
                  }
                ]
              }
            ],
            "kubernetes_network_config": [
              {
                "service_ipv4_cidr": "172.20.0.0/16"
              }
            ],
            "name": "crictracker",
            "platform_version": "eks.10",
            "role_arn": "arn:aws:iam::693583001687:role/crictracker_eks_cluster_role",
            "status": "ACTIVE",
            "tags": {},
            "tags_all": {},
            "timeouts": null,
            "version": "1.21",
            "vpc_config": [
              {
                "cluster_security_group_id": "sg-01dab676c50ef46f2",
                "endpoint_private_access": true,
                "endpoint_public_access": true,
                "public_access_cidrs": [
                  "0.0.0.0/0"
                ],
                "security_group_ids": [],
                "subnet_ids": [
                  "subnet-02571039cf442c0e1",
                  "subnet-0542e89a8e4d3a2ad",
                  "subnet-077b67cb6983824ae",
                  "subnet-079a2bebf229cbae2",
                  "subnet-09e12eb496c2fad91",
                  "subnet-0b356724e236a1975"
                ],
                "vpc_id": "vpc-0f8c9a06aec6fddcb"
              }
            ]
          },
          "sensitive_attributes": [],
          "private": "eyJlMmJmYjczMC1lY2FhLTExZTYtOGY4OC0zNDM2M2JjN2M0YzAiOnsiY3JlYXRlIjoxODAwMDAwMDAwMDAwLCJkZWxldGUiOjkwMDAwMDAwMDAwMCwidXBkYXRlIjozNjAwMDAwMDAwMDAwfX0=",
          "dependencies": [
            "module.crictracker_eks_cluster_role.aws_iam_role.main",
            "module.crictracker_private_subnet_az_a.aws_subnet.main",
            "module.crictracker_private_subnet_az_b.aws_subnet.main",
            "module.crictracker_private_subnet_az_c.aws_subnet.main",
            "module.crictracker_public_subnet_az_a.aws_subnet.main",
            "module.crictracker_public_subnet_az_b.aws_subnet.main",
            "module.crictracker_public_subnet_az_c.aws_subnet.main",
            "module.crictracker_vpc.aws_vpc.main"
          ]
        }
      ]
    },
    {
      "module": "module.crictracker_eks_cluster",
      "mode": "managed",
      "type": "aws_iam_openid_connect_provider",
      "name": "main",
      "provider": "provider[\"registry.terraform.io/hashicorp/aws\"]",
      "instances": [
        {
          "schema_version": 0,
          "attributes": {
            "arn": "arn:aws:iam::693583001687:oidc-provider/oidc.eks.ap-south-1.amazonaws.com/id/CB0982432DC6A8F351D76F5F370D7CAD",
            "client_id_list": [
              "sts.amazonaws.com"
            ],
            "id": "arn:aws:iam::693583001687:oidc-provider/oidc.eks.ap-south-1.amazonaws.com/id/CB0982432DC6A8F351D76F5F370D7CAD",
            "tags": {},
            "tags_all": {},
            "thumbprint_list": [
              "9e99a48a9960b14926bb7f3b02e22da2b0ab7280"
            ],
            "url": "oidc.eks.ap-south-1.amazonaws.com/id/CB0982432DC6A8F351D76F5F370D7CAD"
          },
          "sensitive_attributes": [],
          "private": "bnVsbA==",
          "dependencies": [
            "module.crictracker_eks_cluster.aws_eks_cluster.main",
            "module.crictracker_eks_cluster.data.tls_certificate.main",
            "module.crictracker_eks_cluster_role.aws_iam_role.main",
            "module.crictracker_private_subnet_az_a.aws_subnet.main",
            "module.crictracker_private_subnet_az_b.aws_subnet.main",
            "module.crictracker_private_subnet_az_c.aws_subnet.main",
            "module.crictracker_public_subnet_az_a.aws_subnet.main",
            "module.crictracker_public_subnet_az_b.aws_subnet.main",
            "module.crictracker_public_subnet_az_c.aws_subnet.main",
            "module.crictracker_vpc.aws_vpc.main"
          ]
        }
      ]
    },
    {
      "module": "module.crictracker_eks_cluster_role",
      "mode": "managed",
      "type": "aws_iam_role",
      "name": "main",
      "provider": "provider[\"registry.terraform.io/hashicorp/aws\"]",
      "instances": [
        {
          "schema_version": 0,
          "attributes": {
            "arn": "arn:aws:iam::693583001687:role/crictracker_eks_cluster_role",
            "assume_role_policy": "{\"Version\":\"2012-10-17\",\"Statement\":[{\"Effect\":\"Allow\",\"Principal\":{\"Service\":\"eks.amazonaws.com\"},\"Action\":\"sts:AssumeRole\"}]}",
            "create_date": "2022-03-08T13:39:34Z",
            "description": "",
            "force_detach_policies": false,
            "id": "crictracker_eks_cluster_role",
            "inline_policy": [
              {
                "name": "",
                "policy": ""
              }
            ],
            "managed_policy_arns": [
              "arn:aws:iam::aws:policy/AmazonEC2ContainerRegistryReadOnly",
              "arn:aws:iam::aws:policy/AmazonEKSClusterPolicy",
              "arn:aws:iam::aws:policy/AmazonEKSVPCResourceController",
              "arn:aws:iam::aws:policy/AmazonEKSWorkerNodePolicy",
              "arn:aws:iam::aws:policy/AmazonEKS_CNI_Policy"
            ],
            "max_session_duration": 3600,
            "name": "crictracker_eks_cluster_role",
            "name_prefix": "",
            "path": "/",
            "permissions_boundary": null,
            "tags": {},
            "tags_all": {},
            "unique_id": "AROA2C7GEXBLZRJ35TU6I"
          },
          "sensitive_attributes": [],
          "private": "bnVsbA=="
        }
      ]
    },
    {
      "module": "module.crictracker_eks_node_group_default",
      "mode": "managed",
      "type": "aws_eks_addon",
      "name": "coredns",
      "provider": "provider[\"registry.terraform.io/hashicorp/aws\"]",
      "instances": [
        {
          "index_key": 0,
          "schema_version": 0,
          "attributes": {
            "addon_name": "coredns",
            "addon_version": "v1.8.4-eksbuild.1",
            "arn": "arn:aws:eks:ap-south-1:693583001687:addon/crictracker/coredns/00bfb4ee-9646-c4ee-5e1e-f9a50cfe9867",
            "cluster_name": "crictracker",
            "created_at": "2022-03-08T14:09:37Z",
            "id": "crictracker:coredns",
            "modified_at": "2022-06-24T09:54:10Z",
            "resolve_conflicts": "OVERWRITE",
            "service_account_role_arn": "",
            "tags": {},
            "tags_all": {}
          },
          "sensitive_attributes": [],
          "private": "bnVsbA==",
          "dependencies": [
            "module.crictracker_eks_cluster.aws_eks_cluster.main",
            "module.crictracker_eks_cluster_role.aws_iam_role.main",
            "module.crictracker_eks_node_group_default.aws_eks_node_group.main",
            "module.crictracker_eks_node_group_role.aws_iam_role.main",
            "module.crictracker_private_subnet_az_a.aws_subnet.main",
            "module.crictracker_private_subnet_az_b.aws_subnet.main",
            "module.crictracker_private_subnet_az_c.aws_subnet.main",
            "module.crictracker_public_subnet_az_a.aws_subnet.main",
            "module.crictracker_public_subnet_az_b.aws_subnet.main",
            "module.crictracker_public_subnet_az_c.aws_subnet.main",
            "module.crictracker_vpc.aws_vpc.main"
          ]
        }
      ]
    },
    {
      "module": "module.crictracker_eks_node_group_default",
      "mode": "managed",
      "type": "aws_eks_addon",
      "name": "kube_proxy",
      "provider": "provider[\"registry.terraform.io/hashicorp/aws\"]",
      "instances": [
        {
          "index_key": 0,
          "schema_version": 0,
          "attributes": {
            "addon_name": "kube-proxy",
            "addon_version": "v1.21.2-eksbuild.2",
            "arn": "arn:aws:eks:ap-south-1:693583001687:addon/crictracker/kube-proxy/0abfb4e5-f893-eedf-4e32-9d93cd911790",
            "cluster_name": "crictracker",
            "created_at": "2022-03-08T13:50:47Z",
            "id": "crictracker:kube-proxy",
            "modified_at": "2022-09-08T15:41:29Z",
            "resolve_conflicts": "OVERWRITE",
            "service_account_role_arn": "",
            "tags": {},
            "tags_all": {}
          },
          "sensitive_attributes": [],
          "private": "bnVsbA==",
          "dependencies": [
            "module.crictracker_eks_cluster.aws_eks_cluster.main",
            "module.crictracker_eks_cluster_role.aws_iam_role.main",
            "module.crictracker_private_subnet_az_a.aws_subnet.main",
            "module.crictracker_private_subnet_az_b.aws_subnet.main",
            "module.crictracker_private_subnet_az_c.aws_subnet.main",
            "module.crictracker_public_subnet_az_a.aws_subnet.main",
            "module.crictracker_public_subnet_az_b.aws_subnet.main",
            "module.crictracker_public_subnet_az_c.aws_subnet.main",
            "module.crictracker_vpc.aws_vpc.main"
          ]
        }
      ]
    },
    {
      "module": "module.crictracker_eks_node_group_default",
      "mode": "managed",
      "type": "aws_eks_addon",
      "name": "vpc_cni",
      "provider": "provider[\"registry.terraform.io/hashicorp/aws\"]",
      "instances": [
        {
          "index_key": 0,
          "schema_version": 0,
          "attributes": {
            "addon_name": "vpc-cni",
            "addon_version": "v1.10.2-eksbuild.1",
            "arn": "arn:aws:eks:ap-south-1:693583001687:addon/crictracker/vpc-cni/0cbfb4e5-f890-c53d-3a54-f83a45e5ba79",
            "cluster_name": "crictracker",
            "created_at": "2022-03-08T13:50:47Z",
            "id": "crictracker:vpc-cni",
            "modified_at": "2022-09-08T15:41:13Z",
            "resolve_conflicts": "OVERWRITE",
            "service_account_role_arn": "",
            "tags": {},
            "tags_all": {}
          },
          "sensitive_attributes": [],
          "private": "bnVsbA==",
          "dependencies": [
            "module.crictracker_eks_cluster.aws_eks_cluster.main",
            "module.crictracker_eks_cluster_role.aws_iam_role.main",
            "module.crictracker_private_subnet_az_a.aws_subnet.main",
            "module.crictracker_private_subnet_az_b.aws_subnet.main",
            "module.crictracker_private_subnet_az_c.aws_subnet.main",
            "module.crictracker_public_subnet_az_a.aws_subnet.main",
            "module.crictracker_public_subnet_az_b.aws_subnet.main",
            "module.crictracker_public_subnet_az_c.aws_subnet.main",
            "module.crictracker_vpc.aws_vpc.main"
          ]
        }
      ]
    },
    {
      "module": "module.crictracker_eks_node_group_default",
      "mode": "managed",
      "type": "aws_eks_node_group",
      "name": "main",
      "provider": "provider[\"registry.terraform.io/hashicorp/aws\"]",
      "instances": [
        {
          "schema_version": 0,
          "attributes": {
            "ami_type": "AL2_x86_64",
            "arn": "arn:aws:eks:ap-south-1:693583001687:nodegroup/crictracker/crictracker_eks_node_group_default/60bfb4e9-df5a-6ded-97c5-854f5ecc67e6",
            "capacity_type": "ON_DEMAND",
            "cluster_name": "crictracker",
            "disk_size": 50,
            "force_update_version": null,
            "id": "crictracker:crictracker_eks_node_group_default",
            "instance_types": [
              "t3a.medium"
            ],
            "labels": {},
            "launch_template": [],
            "node_group_name": "crictracker_eks_node_group_default",
            "node_group_name_prefix": "",
            "node_role_arn": "arn:aws:iam::693583001687:role/crictracker_eks_node_group_role",
            "release_version": "1.21.5-20220303",
            "remote_access": [],
            "resources": [
              {
                "autoscaling_groups": [
                  {
                    "name": "eks-crictracker_eks_node_group_default-60bfb4e9-df5a-6ded-97c5-854f5ecc67e6"
                  }
                ],
                "remote_access_security_group_id": ""
              }
            ],
            "scaling_config": [
              {
                "desired_size": 2,
                "max_size": 10,
                "min_size": 1
              }
            ],
            "status": "ACTIVE",
            "subnet_ids": [
              "subnet-02571039cf442c0e1",
              "subnet-0542e89a8e4d3a2ad",
              "subnet-09e12eb496c2fad91"
            ],
            "tags": {
              "Author": "Terraform",
              "Contact": "Aman Makwana",
              "Environment": "Production",
              "Name": "crictracker_eks_node_group_default",
              "k8s.io/cluster-autoscaler/crictracker": "owned",
              "k8s.io/cluster-autoscaler/enabled": "TRUE"
            },
            "tags_all": {
              "Author": "Terraform",
              "Contact": "Aman Makwana",
              "Environment": "Production",
              "Name": "crictracker_eks_node_group_default",
              "k8s.io/cluster-autoscaler/crictracker": "owned",
              "k8s.io/cluster-autoscaler/enabled": "TRUE"
            },
            "taint": [],
            "timeouts": null,
            "update_config": [
              {
                "max_unavailable": 1,
                "max_unavailable_percentage": 0
              }
            ],
            "version": "1.21"
          },
          "sensitive_attributes": [],
          "private": "eyJlMmJmYjczMC1lY2FhLTExZTYtOGY4OC0zNDM2M2JjN2M0YzAiOnsiY3JlYXRlIjozNjAwMDAwMDAwMDAwLCJkZWxldGUiOjM2MDAwMDAwMDAwMDAsInVwZGF0ZSI6MzYwMDAwMDAwMDAwMH19",
          "dependencies": [
            "module.crictracker_eks_cluster.aws_eks_cluster.main",
            "module.crictracker_eks_cluster_role.aws_iam_role.main",
            "module.crictracker_eks_node_group_role.aws_iam_role.main",
            "module.crictracker_private_subnet_az_a.aws_subnet.main",
            "module.crictracker_private_subnet_az_b.aws_subnet.main",
            "module.crictracker_private_subnet_az_c.aws_subnet.main",
            "module.crictracker_public_subnet_az_a.aws_subnet.main",
            "module.crictracker_public_subnet_az_b.aws_subnet.main",
            "module.crictracker_public_subnet_az_c.aws_subnet.main",
            "module.crictracker_vpc.aws_vpc.main"
          ]
        }
      ]
    },
    {
      "module": "module.crictracker_eks_node_group_default_a_m5a_xlarge",
      "mode": "managed",
      "type": "aws_eks_node_group",
      "name": "main",
      "provider": "provider[\"registry.terraform.io/hashicorp/aws\"]",
      "instances": [
        {
          "schema_version": 0,
          "attributes": {
            "ami_type": "AL2_x86_64",
            "arn": "arn:aws:eks:ap-south-1:693583001687:nodegroup/crictracker/crictracker_eks_node_group_default_a_m5a_xlarge/2ac16a30-e309-bf05-30c3-5054bea535a5",
            "capacity_type": "ON_DEMAND",
            "cluster_name": "crictracker",
            "disk_size": 50,
            "force_update_version": null,
            "id": "crictracker:crictracker_eks_node_group_default_a_m5a_xlarge",
            "instance_types": [
              "m5a.xlarge"
            ],
            "labels": {
              "pv": "monitoring-az-a",
              "redis-pv": "local-dev",
              "redis-pv-dev": "dev"
            },
            "launch_template": [],
            "node_group_name": "crictracker_eks_node_group_default_a_m5a_xlarge",
            "node_group_name_prefix": "",
            "node_role_arn": "arn:aws:iam::693583001687:role/crictracker_eks_node_group_role",
            "release_version": "1.21.14-20220811",
            "remote_access": [],
            "resources": [
              {
                "autoscaling_groups": [
                  {
                    "name": "eks-crictracker_eks_node_group_default_a_m5a_xlarge-2ac16a30-e309-bf05-30c3-5054bea535a5"
                  }
                ],
                "remote_access_security_group_id": ""
              }
            ],
            "scaling_config": [
              {
                "desired_size": 2,
                "max_size": 10,
                "min_size": 1
              }
            ],
            "status": "ACTIVE",
            "subnet_ids": [
              "subnet-09e12eb496c2fad91"
            ],
            "tags": {
              "Author": "Terraform",
              "Contact": "Aman Makwana",
              "Environment": "Production",
              "Name": "crictracker_eks_node_group_default_a_m5a_xlarge",
              "k8s.io/cluster-autoscaler/crictracker": "owned",
              "k8s.io/cluster-autoscaler/enabled": "TRUE"
            },
            "tags_all": {
              "Author": "Terraform",
              "Contact": "Aman Makwana",
              "Environment": "Production",
              "Name": "crictracker_eks_node_group_default_a_m5a_xlarge",
              "k8s.io/cluster-autoscaler/crictracker": "owned",
              "k8s.io/cluster-autoscaler/enabled": "TRUE"
            },
            "taint": [],
            "timeouts": null,
            "update_config": [
              {
                "max_unavailable": 1,
                "max_unavailable_percentage": 0
              }
            ],
            "version": "1.21"
          },
          "sensitive_attributes": [],
          "private": "eyJlMmJmYjczMC1lY2FhLTExZTYtOGY4OC0zNDM2M2JjN2M0YzAiOnsiY3JlYXRlIjozNjAwMDAwMDAwMDAwLCJkZWxldGUiOjM2MDAwMDAwMDAwMDAsInVwZGF0ZSI6MzYwMDAwMDAwMDAwMH19",
          "dependencies": [
            "module.crictracker_eks_cluster.aws_eks_cluster.main",
            "module.crictracker_eks_cluster_role.aws_iam_role.main",
            "module.crictracker_eks_node_group_role.aws_iam_role.main",
            "module.crictracker_private_subnet_az_a.aws_subnet.main",
            "module.crictracker_private_subnet_az_b.aws_subnet.main",
            "module.crictracker_private_subnet_az_c.aws_subnet.main",
            "module.crictracker_public_subnet_az_a.aws_subnet.main",
            "module.crictracker_public_subnet_az_b.aws_subnet.main",
            "module.crictracker_public_subnet_az_c.aws_subnet.main",
            "module.crictracker_vpc.aws_vpc.main"
          ]
        }
      ]
    },
    {
      "module": "module.crictracker_eks_node_group_default_b_m5a_xlarge",
      "mode": "managed",
      "type": "aws_eks_node_group",
      "name": "main",
      "provider": "provider[\"registry.terraform.io/hashicorp/aws\"]",
      "instances": [
        {
          "schema_version": 0,
          "attributes": {
            "ami_type": "AL2_x86_64",
            "arn": "arn:aws:eks:ap-south-1:693583001687:nodegroup/crictracker/crictracker_eks_node_group_default_b_m5a_xlarge/bec16a43-5ee9-3209-4ab6-c7b6f4de4acc",
            "capacity_type": "ON_DEMAND",
            "cluster_name": "crictracker",
            "disk_size": 50,
            "force_update_version": null,
            "id": "crictracker:crictracker_eks_node_group_default_b_m5a_xlarge",
            "instance_types": [
              "m5a.large"
            ],
            "labels": {
              "elk-pv": "monitoring-az-b"
            },
            "launch_template": [],
            "node_group_name": "crictracker_eks_node_group_default_b_m5a_xlarge",
            "node_group_name_prefix": "",
            "node_role_arn": "arn:aws:iam::693583001687:role/crictracker_eks_node_group_role",
            "release_version": "1.21.14-20220811",
            "remote_access": [],
            "resources": [
              {
                "autoscaling_groups": [
                  {
                    "name": "eks-crictracker_eks_node_group_default_b_m5a_xlarge-bec16a43-5ee9-3209-4ab6-c7b6f4de4acc"
                  }
                ],
                "remote_access_security_group_id": ""
              }
            ],
            "scaling_config": [
              {
                "desired_size": 2,
                "max_size": 10,
                "min_size": 1
              }
            ],
            "status": "ACTIVE",
            "subnet_ids": [
              "subnet-0542e89a8e4d3a2ad"
            ],
            "tags": {
              "Author": "Terraform",
              "Contact": "Aman Makwana",
              "Environment": "Production",
              "Name": "crictracker_eks_node_group_default_b_m5a_xlarge",
              "k8s.io/cluster-autoscaler/crictracker": "owned",
              "k8s.io/cluster-autoscaler/enabled": "TRUE"
            },
            "tags_all": {
              "Author": "Terraform",
              "Contact": "Aman Makwana",
              "Environment": "Production",
              "Name": "crictracker_eks_node_group_default_b_m5a_xlarge",
              "k8s.io/cluster-autoscaler/crictracker": "owned",
              "k8s.io/cluster-autoscaler/enabled": "TRUE"
            },
            "taint": [],
            "timeouts": null,
            "update_config": [
              {
                "max_unavailable": 1,
                "max_unavailable_percentage": 0
              }
            ],
            "version": "1.21"
          },
          "sensitive_attributes": [],
          "private": "eyJlMmJmYjczMC1lY2FhLTExZTYtOGY4OC0zNDM2M2JjN2M0YzAiOnsiY3JlYXRlIjozNjAwMDAwMDAwMDAwLCJkZWxldGUiOjM2MDAwMDAwMDAwMDAsInVwZGF0ZSI6MzYwMDAwMDAwMDAwMH19",
          "dependencies": [
            "module.crictracker_eks_cluster.aws_eks_cluster.main",
            "module.crictracker_eks_cluster_role.aws_iam_role.main",
            "module.crictracker_eks_node_group_role.aws_iam_role.main",
            "module.crictracker_private_subnet_az_a.aws_subnet.main",
            "module.crictracker_private_subnet_az_b.aws_subnet.main",
            "module.crictracker_private_subnet_az_c.aws_subnet.main",
            "module.crictracker_public_subnet_az_a.aws_subnet.main",
            "module.crictracker_public_subnet_az_b.aws_subnet.main",
            "module.crictracker_public_subnet_az_c.aws_subnet.main",
            "module.crictracker_vpc.aws_vpc.main"
          ]
        }
      ]
    },
    {
      "module": "module.crictracker_eks_node_group_default_c_m5a_xlarge",
      "mode": "managed",
      "type": "aws_eks_node_group",
      "name": "main",
      "provider": "provider[\"registry.terraform.io/hashicorp/aws\"]",
      "instances": [
        {
          "schema_version": 0,
          "attributes": {
            "ami_type": "AL2_x86_64",
            "arn": "arn:aws:eks:ap-south-1:693583001687:nodegroup/crictracker/crictracker_eks_node_group_default_c_m5a_xlarge/56c17c9f-a35d-896a-b384-b071a7de292c",
            "capacity_type": "ON_DEMAND",
            "cluster_name": "crictracker",
            "disk_size": 50,
            "force_update_version": null,
            "id": "crictracker:crictracker_eks_node_group_default_c_m5a_xlarge",
            "instance_types": [
              "m5a.large"
            ],
            "labels": {},
            "launch_template": [],
            "node_group_name": "crictracker_eks_node_group_default_c_m5a_xlarge",
            "node_group_name_prefix": "",
            "node_role_arn": "arn:aws:iam::693583001687:role/crictracker_eks_node_group_role",
            "release_version": "1.21.14-20220824",
            "remote_access": [],
            "resources": [
              {
                "autoscaling_groups": [
                  {
                    "name": "eks-crictracker_eks_node_group_default_c_m5a_xlarge-56c17c9f-a35d-896a-b384-b071a7de292c"
                  }
                ],
                "remote_access_security_group_id": ""
              }
            ],
            "scaling_config": [
              {
                "desired_size": 2,
                "max_size": 10,
                "min_size": 1
              }
            ],
            "status": "ACTIVE",
            "subnet_ids": [
              "subnet-02571039cf442c0e1"
            ],
            "tags": {
              "Author": "Terraform",
              "Contact": "Aman Makwana",
              "Environment": "Production",
              "Name": "crictracker_eks_node_group_default_c_m5a_xlarge",
              "k8s.io/cluster-autoscaler/crictracker": "owned",
              "k8s.io/cluster-autoscaler/enabled": "TRUE"
            },
            "tags_all": {
              "Author": "Terraform",
              "Contact": "Aman Makwana",
              "Environment": "Production",
              "Name": "crictracker_eks_node_group_default_c_m5a_xlarge",
              "k8s.io/cluster-autoscaler/crictracker": "owned",
              "k8s.io/cluster-autoscaler/enabled": "TRUE"
            },
            "taint": [],
            "timeouts": null,
            "update_config": [
              {
                "max_unavailable": 1,
                "max_unavailable_percentage": 0
              }
            ],
            "version": "1.21"
          },
          "sensitive_attributes": [],
          "private": "eyJlMmJmYjczMC1lY2FhLTExZTYtOGY4OC0zNDM2M2JjN2M0YzAiOnsiY3JlYXRlIjozNjAwMDAwMDAwMDAwLCJkZWxldGUiOjM2MDAwMDAwMDAwMDAsInVwZGF0ZSI6MzYwMDAwMDAwMDAwMH19",
          "dependencies": [
            "module.crictracker_eks_cluster.aws_eks_cluster.main",
            "module.crictracker_eks_cluster_role.aws_iam_role.main",
            "module.crictracker_eks_node_group_role.aws_iam_role.main",
            "module.crictracker_private_subnet_az_a.aws_subnet.main",
            "module.crictracker_private_subnet_az_b.aws_subnet.main",
            "module.crictracker_private_subnet_az_c.aws_subnet.main",
            "module.crictracker_public_subnet_az_a.aws_subnet.main",
            "module.crictracker_public_subnet_az_b.aws_subnet.main",
            "module.crictracker_public_subnet_az_c.aws_subnet.main",
            "module.crictracker_vpc.aws_vpc.main"
          ]
        }
      ]
    },
    {
      "module": "module.crictracker_eks_node_group_mongodb-local-dev",
      "mode": "managed",
      "type": "aws_eks_node_group",
      "name": "main",
      "provider": "provider[\"registry.terraform.io/hashicorp/aws\"]",
      "instances": [
        {
          "schema_version": 0,
          "attributes": {
            "ami_type": "AL2_x86_64",
            "arn": "arn:aws:eks:ap-south-1:693583001687:nodegroup/crictracker/crictracker_eks_node_group_mongodb-local-dev/f8c112aa-fa89-b5a8-0da6-e96ec4e841da",
            "capacity_type": "ON_DEMAND",
            "cluster_name": "crictracker",
            "disk_size": 50,
            "force_update_version": null,
            "id": "crictracker:crictracker_eks_node_group_mongodb-local-dev",
            "instance_types": [
              "r5a.xlarge"
            ],
            "labels": {
              "mongodb-pv": "local-dev-subnet-b"
            },
            "launch_template": [],
            "node_group_name": "crictracker_eks_node_group_mongodb-local-dev",
            "node_group_name_prefix": "",
            "node_role_arn": "arn:aws:iam::693583001687:role/crictracker_eks_node_group_role",
            "release_version": "1.21.12-20220629",
            "remote_access": [],
            "resources": [
              {
                "autoscaling_groups": [
                  {
                    "name": "eks-crictracker_eks_node_group_mongodb-local-dev-f8c112aa-fa89-b5a8-0da6-e96ec4e841da"
                  }
                ],
                "remote_access_security_group_id": ""
              }
            ],
            "scaling_config": [
              {
                "desired_size": 2,
                "max_size": 10,
                "min_size": 1
              }
            ],
            "status": "ACTIVE",
            "subnet_ids": [
              "subnet-0542e89a8e4d3a2ad"
            ],
            "tags": {
              "Author": "Terraform",
              "Contact": "Aman Makwana",
              "Environment": "Production",
              "Name": "crictracker_eks_node_group_mongodb-local-dev",
              "k8s.io/cluster-autoscaler/crictracker": "owned",
              "k8s.io/cluster-autoscaler/enabled": "TRUE"
            },
            "tags_all": {
              "Author": "Terraform",
              "Contact": "Aman Makwana",
              "Environment": "Production",
              "Name": "crictracker_eks_node_group_mongodb-local-dev",
              "k8s.io/cluster-autoscaler/crictracker": "owned",
              "k8s.io/cluster-autoscaler/enabled": "TRUE"
            },
            "taint": [],
            "timeouts": null,
            "update_config": [
              {
                "max_unavailable": 1,
                "max_unavailable_percentage": 0
              }
            ],
            "version": "1.21"
          },
          "sensitive_attributes": [],
          "private": "eyJlMmJmYjczMC1lY2FhLTExZTYtOGY4OC0zNDM2M2JjN2M0YzAiOnsiY3JlYXRlIjozNjAwMDAwMDAwMDAwLCJkZWxldGUiOjM2MDAwMDAwMDAwMDAsInVwZGF0ZSI6MzYwMDAwMDAwMDAwMH19",
          "dependencies": [
            "module.crictracker_eks_cluster.aws_eks_cluster.main",
            "module.crictracker_eks_cluster_role.aws_iam_role.main",
            "module.crictracker_eks_node_group_role.aws_iam_role.main",
            "module.crictracker_private_subnet_az_a.aws_subnet.main",
            "module.crictracker_private_subnet_az_b.aws_subnet.main",
            "module.crictracker_private_subnet_az_c.aws_subnet.main",
            "module.crictracker_public_subnet_az_a.aws_subnet.main",
            "module.crictracker_public_subnet_az_b.aws_subnet.main",
            "module.crictracker_public_subnet_az_c.aws_subnet.main",
            "module.crictracker_vpc.aws_vpc.main"
          ]
        }
      ]
    },
    {
      "module": "module.crictracker_eks_node_group_role",
      "mode": "managed",
      "type": "aws_iam_role",
      "name": "main",
      "provider": "provider[\"registry.terraform.io/hashicorp/aws\"]",
      "instances": [
        {
          "schema_version": 0,
          "attributes": {
            "arn": "arn:aws:iam::693583001687:role/crictracker_eks_node_group_role",
            "assume_role_policy": "{\"Version\":\"2012-10-17\",\"Statement\":[{\"Effect\":\"Allow\",\"Principal\":{\"Service\":\"ec2.amazonaws.com\"},\"Action\":\"sts:AssumeRole\"}]}",
            "create_date": "2022-03-08T13:39:33Z",
            "description": "",
            "force_detach_policies": false,
            "id": "crictracker_eks_node_group_role",
            "inline_policy": [
              {
                "name": "",
                "policy": ""
              }
            ],
            "managed_policy_arns": [
              "arn:aws:iam::aws:policy/AmazonEC2ContainerRegistryReadOnly",
              "arn:aws:iam::aws:policy/AmazonEKSWorkerNodePolicy",
              "arn:aws:iam::aws:policy/AmazonEKS_CNI_Policy",
              "arn:aws:iam::aws:policy/AmazonRoute53FullAccess"
            ],
            "max_session_duration": 3600,
            "name": "crictracker_eks_node_group_role",
            "name_prefix": "",
            "path": "/",
            "permissions_boundary": null,
            "tags": {},
            "tags_all": {},
            "unique_id": "AROA2C7GEXBLVWJ447JRM"
          },
          "sensitive_attributes": [],
          "private": "bnVsbA=="
        }
      ]
    },
    {
      "module": "module.crictracker_elasticache_parameter_group",
      "mode": "managed",
      "type": "aws_elasticache_parameter_group",
      "name": "main",
      "provider": "provider[\"registry.terraform.io/hashicorp/aws\"]",
      "instances": [
        {
          "schema_version": 0,
          "attributes": {
            "arn": "arn:aws:elasticache:ap-south-1:693583001687:parametergroup:crictracker-paramater-group",
            "description": "Elasticache parameter group for Redis",
            "family": "redis6.x",
            "id": "crictracker-paramater-group",
            "name": "crictracker-paramater-group",
            "parameter": [],
            "tags": {
              "Author": "Terraform"
            },
            "tags_all": {
              "Author": "Terraform"
            }
          },
          "sensitive_attributes": [],
          "private": "bnVsbA=="
        }
      ]
    },
    {
      "module": "module.crictracker_elasticache_redis_security_group",
      "mode": "managed",
      "type": "aws_security_group",
      "name": "main",
      "provider": "provider[\"registry.terraform.io/hashicorp/aws\"]",
      "instances": [
        {
          "schema_version": 1,
          "attributes": {
            "arn": "arn:aws:ec2:ap-south-1:693583001687:security-group/sg-077c8b97daab96804",
            "description": "Security Group for Elacticache Redis",
            "egress": [],
            "id": "sg-077c8b97daab96804",
            "ingress": [
              {
                "cidr_blocks": [
                  "10.0.0.0/18",
                  "10.0.64.0/18",
                  "10.0.128.0/18"
                ],
                "description": "",
                "from_port": 6379,
                "ipv6_cidr_blocks": [],
                "prefix_list_ids": [],
                "protocol": "tcp",
                "security_groups": [],
                "self": false,
                "to_port": 6379
              }
            ],
            "name": "elasticache_redis_security_group",
            "name_prefix": "",
            "owner_id": "693583001687",
            "revoke_rules_on_delete": false,
            "tags": {
              "Author": "Terraform",
              "Contact": "Aman Makwana",
              "Environment": "Production",
              "Name": "elasticache_redis_security_group",
              "Purpose": "k8s pods can access redis DB"
            },
            "tags_all": {
              "Author": "Terraform",
              "Contact": "Aman Makwana",
              "Environment": "Production",
              "Name": "elasticache_redis_security_group",
              "Purpose": "k8s pods can access redis DB"
            },
            "timeouts": null,
            "vpc_id": "vpc-0f8c9a06aec6fddcb"
          },
          "sensitive_attributes": [],
          "private": "eyJlMmJmYjczMC1lY2FhLTExZTYtOGY4OC0zNDM2M2JjN2M0YzAiOnsiY3JlYXRlIjo2MDAwMDAwMDAwMDAsImRlbGV0ZSI6OTAwMDAwMDAwMDAwfSwic2NoZW1hX3ZlcnNpb24iOiIxIn0=",
          "dependencies": [
            "module.crictracker_vpc.aws_vpc.main"
          ]
        }
      ]
    },
    {
      "module": "module.crictracker_elasticache_subnet_group",
      "mode": "managed",
      "type": "aws_elasticache_subnet_group",
      "name": "main",
      "provider": "provider[\"registry.terraform.io/hashicorp/aws\"]",
      "instances": [
        {
          "schema_version": 0,
          "attributes": {
            "arn": "arn:aws:elasticache:ap-south-1:693583001687:subnetgroup:crictracker",
            "description": "Elasticache Subnet group for Redis Read replica",
            "id": "crictracker",
            "name": "crictracker",
            "subnet_ids": [
              "subnet-02571039cf442c0e1",
              "subnet-0542e89a8e4d3a2ad",
              "subnet-09e12eb496c2fad91"
            ],
            "tags": {
              "Author": "Terraform"
            },
            "tags_all": {
              "Author": "Terraform"
            }
          },
          "sensitive_attributes": [],
          "private": "bnVsbA==",
          "dependencies": [
            "module.crictracker_private_subnet_az_a.aws_subnet.main",
            "module.crictracker_private_subnet_az_b.aws_subnet.main",
            "module.crictracker_private_subnet_az_c.aws_subnet.main",
            "module.crictracker_vpc.aws_vpc.main"
          ]
        }
      ]
    },
    {
      "module": "module.crictracker_internet_gateway",
      "mode": "managed",
      "type": "aws_internet_gateway",
      "name": "main",
      "provider": "provider[\"registry.terraform.io/hashicorp/aws\"]",
      "instances": [
        {
          "schema_version": 0,
          "attributes": {
            "arn": "arn:aws:ec2:ap-south-1:693583001687:internet-gateway/igw-007aa2c81eab723a0",
            "id": "igw-007aa2c81eab723a0",
            "owner_id": "693583001687",
            "tags": {
              "Author": "Terraform",
              "Contact": "Aman Makwana",
              "Environment": "Production",
              "Name": "crictracker"
            },
            "tags_all": {
              "Author": "Terraform",
              "Contact": "Aman Makwana",
              "Environment": "Production",
              "Name": "crictracker"
            },
            "vpc_id": "vpc-0f8c9a06aec6fddcb"
          },
          "sensitive_attributes": [],
          "private": "bnVsbA==",
          "dependencies": [
            "module.crictracker_vpc.aws_vpc.main"
          ]
        }
      ]
    },
    {
      "module": "module.crictracker_internet_route_internet_gateway",
      "mode": "managed",
      "type": "aws_route",
      "name": "main_gateway_id",
      "provider": "provider[\"registry.terraform.io/hashicorp/aws\"]",
      "instances": [
        {
          "index_key": 0,
          "schema_version": 0,
          "attributes": {
            "carrier_gateway_id": "",
            "destination_cidr_block": "0.0.0.0/0",
            "destination_ipv6_cidr_block": "",
            "destination_prefix_list_id": "",
            "egress_only_gateway_id": "",
            "gateway_id": "igw-007aa2c81eab723a0",
            "id": "r-rtb-0db5128a7b23cb3701080289494",
            "instance_id": "",
            "instance_owner_id": "",
            "local_gateway_id": "",
            "nat_gateway_id": "",
            "network_interface_id": "",
            "origin": "CreateRoute",
            "route_table_id": "rtb-0db5128a7b23cb370",
            "state": "active",
            "timeouts": null,
            "transit_gateway_id": "",
            "vpc_endpoint_id": "",
            "vpc_peering_connection_id": ""
          },
          "sensitive_attributes": [],
          "private": "eyJlMmJmYjczMC1lY2FhLTExZTYtOGY4OC0zNDM2M2JjN2M0YzAiOnsiY3JlYXRlIjoxMjAwMDAwMDAwMDAsImRlbGV0ZSI6MzAwMDAwMDAwMDAwLCJ1cGRhdGUiOjEyMDAwMDAwMDAwMH19",
          "dependencies": [
            "module.crictracker_internet_gateway.aws_internet_gateway.main",
            "module.crictracker_route_table_public.aws_route_table.main",
            "module.crictracker_vpc.aws_vpc.main"
          ]
        }
      ]
    },
    {
      "module": "module.crictracker_internet_route_nat_gateway_az_a",
      "mode": "managed",
      "type": "aws_route",
      "name": "main_nat_gateway_id",
      "provider": "provider[\"registry.terraform.io/hashicorp/aws\"]",
      "instances": [
        {
          "index_key": 0,
          "schema_version": 0,
          "attributes": {
            "carrier_gateway_id": "",
            "destination_cidr_block": "0.0.0.0/0",
            "destination_ipv6_cidr_block": "",
            "destination_prefix_list_id": "",
            "egress_only_gateway_id": "",
            "gateway_id": "",
            "id": "r-rtb-087178b19d418dfea1080289494",
            "instance_id": "",
            "instance_owner_id": "",
            "local_gateway_id": "",
            "nat_gateway_id": "nat-0b20f5a5d811b59c0",
            "network_interface_id": "",
            "origin": "CreateRoute",
            "route_table_id": "rtb-087178b19d418dfea",
            "state": "active",
            "timeouts": null,
            "transit_gateway_id": "",
            "vpc_endpoint_id": "",
            "vpc_peering_connection_id": ""
          },
          "sensitive_attributes": [],
          "private": "eyJlMmJmYjczMC1lY2FhLTExZTYtOGY4OC0zNDM2M2JjN2M0YzAiOnsiY3JlYXRlIjoxMjAwMDAwMDAwMDAsImRlbGV0ZSI6MzAwMDAwMDAwMDAwLCJ1cGRhdGUiOjEyMDAwMDAwMDAwMH19",
          "dependencies": [
            "module.crictracker_eip_az_a.aws_eip.main",
            "module.crictracker_internet_gateway.aws_internet_gateway.main",
            "module.crictracker_nat_gateway_az_a.aws_nat_gateway.main",
            "module.crictracker_public_subnet_az_a.aws_subnet.main",
            "module.crictracker_route_table_private_az_a.aws_route_table.main",
            "module.crictracker_vpc.aws_vpc.main"
          ]
        }
      ]
    },
    {
      "module": "module.crictracker_internet_route_nat_gateway_az_b",
      "mode": "managed",
      "type": "aws_route",
      "name": "main_nat_gateway_id",
      "provider": "provider[\"registry.terraform.io/hashicorp/aws\"]",
      "instances": [
        {
          "index_key": 0,
          "schema_version": 0,
          "attributes": {
            "carrier_gateway_id": "",
            "destination_cidr_block": "0.0.0.0/0",
            "destination_ipv6_cidr_block": "",
            "destination_prefix_list_id": "",
            "egress_only_gateway_id": "",
            "gateway_id": "",
            "id": "r-rtb-07d64df6939a0274d1080289494",
            "instance_id": "",
            "instance_owner_id": "",
            "local_gateway_id": "",
            "nat_gateway_id": "nat-0b20f5a5d811b59c0",
            "network_interface_id": "",
            "origin": "CreateRoute",
            "route_table_id": "rtb-07d64df6939a0274d",
            "state": "active",
            "timeouts": null,
            "transit_gateway_id": "",
            "vpc_endpoint_id": "",
            "vpc_peering_connection_id": ""
          },
          "sensitive_attributes": [],
          "private": "eyJlMmJmYjczMC1lY2FhLTExZTYtOGY4OC0zNDM2M2JjN2M0YzAiOnsiY3JlYXRlIjoxMjAwMDAwMDAwMDAsImRlbGV0ZSI6MzAwMDAwMDAwMDAwLCJ1cGRhdGUiOjEyMDAwMDAwMDAwMH19",
          "dependencies": [
            "module.crictracker_eip_az_a.aws_eip.main",
            "module.crictracker_internet_gateway.aws_internet_gateway.main",
            "module.crictracker_nat_gateway_az_a.aws_nat_gateway.main",
            "module.crictracker_public_subnet_az_a.aws_subnet.main",
            "module.crictracker_route_table_private_az_b.aws_route_table.main",
            "module.crictracker_vpc.aws_vpc.main"
          ]
        }
      ]
    },
    {
      "module": "module.crictracker_internet_route_nat_gateway_az_c",
      "mode": "managed",
      "type": "aws_route",
      "name": "main_nat_gateway_id",
      "provider": "provider[\"registry.terraform.io/hashicorp/aws\"]",
      "instances": [
        {
          "index_key": 0,
          "schema_version": 0,
          "attributes": {
            "carrier_gateway_id": "",
            "destination_cidr_block": "0.0.0.0/0",
            "destination_ipv6_cidr_block": "",
            "destination_prefix_list_id": "",
            "egress_only_gateway_id": "",
            "gateway_id": "",
            "id": "r-rtb-0a2bab692b2a1c31e1080289494",
            "instance_id": "",
            "instance_owner_id": "",
            "local_gateway_id": "",
            "nat_gateway_id": "nat-0b20f5a5d811b59c0",
            "network_interface_id": "",
            "origin": "CreateRoute",
            "route_table_id": "rtb-0a2bab692b2a1c31e",
            "state": "active",
            "timeouts": null,
            "transit_gateway_id": "",
            "vpc_endpoint_id": "",
            "vpc_peering_connection_id": ""
          },
          "sensitive_attributes": [],
          "private": "eyJlMmJmYjczMC1lY2FhLTExZTYtOGY4OC0zNDM2M2JjN2M0YzAiOnsiY3JlYXRlIjoxMjAwMDAwMDAwMDAsImRlbGV0ZSI6MzAwMDAwMDAwMDAwLCJ1cGRhdGUiOjEyMDAwMDAwMDAwMH19",
          "dependencies": [
            "module.crictracker_eip_az_a.aws_eip.main",
            "module.crictracker_internet_gateway.aws_internet_gateway.main",
            "module.crictracker_nat_gateway_az_a.aws_nat_gateway.main",
            "module.crictracker_public_subnet_az_a.aws_subnet.main",
            "module.crictracker_route_table_private_az_c.aws_route_table.main",
            "module.crictracker_vpc.aws_vpc.main"
          ]
        }
      ]
    },
    {
      "module": "module.crictracker_kyc_cdn_logs_bucket",
      "mode": "managed",
      "type": "aws_s3_bucket",
      "name": "main",
      "provider": "provider[\"registry.terraform.io/hashicorp/aws\"]",
      "instances": [
        {
          "schema_version": 0,
          "attributes": {
            "acceleration_status": "",
            "acl": "private",
            "arn": "arn:aws:s3:::crictracker-cdn-logs-08032022",
            "bucket": "crictracker-cdn-logs-08032022",
            "bucket_domain_name": "crictracker-cdn-logs-08032022.s3.amazonaws.com",
            "bucket_prefix": null,
            "bucket_regional_domain_name": "crictracker-cdn-logs-08032022.s3.ap-south-1.amazonaws.com",
            "cors_rule": [],
            "force_destroy": false,
            "grant": [
              {
                "id": "9b1fb78d35c5a99470e55db1d6cb9515877eaaf83fb695f4313715a2e6e971d7",
                "permissions": [
                  "FULL_CONTROL"
                ],
                "type": "CanonicalUser",
                "uri": ""
              },
              {
                "id": "c4c1ede66af53448b93c283ce9448c4ba468c9432aa01d700d3878632f77d2d0",
                "permissions": [
                  "FULL_CONTROL"
                ],
                "type": "CanonicalUser",
                "uri": ""
              }
            ],
            "hosted_zone_id": "Z11RGJOFQNVJUP",
            "id": "crictracker-cdn-logs-08032022",
            "lifecycle_rule": [],
            "logging": [],
            "object_lock_configuration": [],
            "policy": "",
            "region": "ap-south-1",
            "replication_configuration": [],
            "request_payer": "BucketOwner",
            "server_side_encryption_configuration": [],
            "tags": {},
            "tags_all": {},
            "versioning": [
              {
                "enabled": false,
                "mfa_delete": false
              }
            ],
            "website": [],
            "website_domain": null,
            "website_endpoint": null
          },
          "sensitive_attributes": [],
          "private": "bnVsbA=="
        }
      ]
    },
    {
      "module": "module.crictracker_mongoDBdumps_bucket",
      "mode": "managed",
      "type": "aws_s3_bucket",
      "name": "main",
      "provider": "provider[\"registry.terraform.io/hashicorp/aws\"]",
      "instances": [
        {
          "schema_version": 0,
          "attributes": {
            "acceleration_status": "",
            "acl": "private",
            "arn": "arn:aws:s3:::crictracker-mongodbdumps-08032022",
            "bucket": "crictracker-mongodbdumps-08032022",
            "bucket_domain_name": "crictracker-mongodbdumps-08032022.s3.amazonaws.com",
            "bucket_prefix": null,
            "bucket_regional_domain_name": "crictracker-mongodbdumps-08032022.s3.ap-south-1.amazonaws.com",
            "cors_rule": [],
            "force_destroy": false,
            "grant": [],
            "hosted_zone_id": "Z11RGJOFQNVJUP",
            "id": "crictracker-mongodbdumps-08032022",
            "lifecycle_rule": [],
            "logging": [],
            "object_lock_configuration": [],
            "policy": "",
            "region": "ap-south-1",
            "replication_configuration": [],
            "request_payer": "BucketOwner",
            "server_side_encryption_configuration": [],
            "tags": {},
            "tags_all": {},
            "versioning": [
              {
                "enabled": false,
                "mfa_delete": false
              }
            ],
            "website": [],
            "website_domain": null,
            "website_endpoint": null
          },
          "sensitive_attributes": [],
          "private": "bnVsbA=="
        }
      ]
    },
    {
      "module": "module.crictracker_nat_gateway_az_a",
      "mode": "managed",
      "type": "aws_nat_gateway",
      "name": "main",
      "provider": "provider[\"registry.terraform.io/hashicorp/aws\"]",
      "instances": [
        {
          "schema_version": 0,
          "attributes": {
            "allocation_id": "eipalloc-00f6aba0722d2585a",
            "connectivity_type": "public",
            "id": "nat-0b20f5a5d811b59c0",
            "network_interface_id": "eni-033df84945bf1a711",
            "private_ip": "10.0.255.47",
            "public_ip": "13.233.79.9",
            "subnet_id": "subnet-077b67cb6983824ae",
            "tags": {
              "Author": "Terraform",
              "Contact": "Aman Makwana",
              "Environment": "Production",
              "Name": "crictracker-az-a"
            },
            "tags_all": {
              "Author": "Terraform",
              "Contact": "Aman Makwana",
              "Environment": "Production",
              "Name": "crictracker-az-a"
            }
          },
          "sensitive_attributes": [],
          "private": "bnVsbA==",
          "dependencies": [
            "module.crictracker_eip_az_a.aws_eip.main",
            "module.crictracker_internet_gateway.aws_internet_gateway.main",
            "module.crictracker_public_subnet_az_a.aws_subnet.main",
            "module.crictracker_vpc.aws_vpc.main"
          ]
        }
      ]
    },
    {
      "module": "module.crictracker_private_subnet_az_a",
      "mode": "managed",
      "type": "aws_subnet",
      "name": "main",
      "provider": "provider[\"registry.terraform.io/hashicorp/aws\"]",
      "instances": [
        {
          "schema_version": 1,
          "attributes": {
            "arn": "arn:aws:ec2:ap-south-1:693583001687:subnet/subnet-09e12eb496c2fad91",
            "assign_ipv6_address_on_creation": false,
            "availability_zone": "ap-south-1a",
            "availability_zone_id": "aps1-az1",
            "cidr_block": "10.0.0.0/18",
            "customer_owned_ipv4_pool": "",
            "id": "subnet-09e12eb496c2fad91",
            "ipv6_cidr_block": "",
            "ipv6_cidr_block_association_id": "",
            "map_customer_owned_ip_on_launch": false,
            "map_public_ip_on_launch": false,
            "outpost_arn": "",
            "owner_id": "693583001687",
            "tags": {
              "Author": "Terraform",
              "Contact": "Aman Makwana",
              "Environment": "Production",
              "Name": "crictracker-Private-az-a"
            },
            "tags_all": {
              "Author": "Terraform",
              "Contact": "Aman Makwana",
              "Environment": "Production",
              "Name": "crictracker-Private-az-a"
            },
            "timeouts": null,
            "vpc_id": "vpc-0f8c9a06aec6fddcb"
          },
          "sensitive_attributes": [],
          "private": "eyJlMmJmYjczMC1lY2FhLTExZTYtOGY4OC0zNDM2M2JjN2M0YzAiOnsiY3JlYXRlIjo2MDAwMDAwMDAwMDAsImRlbGV0ZSI6MTIwMDAwMDAwMDAwMH0sInNjaGVtYV92ZXJzaW9uIjoiMSJ9",
          "dependencies": [
            "module.crictracker_vpc.aws_vpc.main"
          ]
        }
      ]
    },
    {
      "module": "module.crictracker_private_subnet_az_b",
      "mode": "managed",
      "type": "aws_subnet",
      "name": "main",
      "provider": "provider[\"registry.terraform.io/hashicorp/aws\"]",
      "instances": [
        {
          "schema_version": 1,
          "attributes": {
            "arn": "arn:aws:ec2:ap-south-1:693583001687:subnet/subnet-0542e89a8e4d3a2ad",
            "assign_ipv6_address_on_creation": false,
            "availability_zone": "ap-south-1b",
            "availability_zone_id": "aps1-az3",
            "cidr_block": "10.0.64.0/18",
            "customer_owned_ipv4_pool": "",
            "id": "subnet-0542e89a8e4d3a2ad",
            "ipv6_cidr_block": "",
            "ipv6_cidr_block_association_id": "",
            "map_customer_owned_ip_on_launch": false,
            "map_public_ip_on_launch": false,
            "outpost_arn": "",
            "owner_id": "693583001687",
            "tags": {
              "Author": "Terraform",
              "Contact": "Aman Makwana",
              "Environment": "Production",
              "Name": "crictracker-Private-az-b"
            },
            "tags_all": {
              "Author": "Terraform",
              "Contact": "Aman Makwana",
              "Environment": "Production",
              "Name": "crictracker-Private-az-b"
            },
            "timeouts": null,
            "vpc_id": "vpc-0f8c9a06aec6fddcb"
          },
          "sensitive_attributes": [],
          "private": "eyJlMmJmYjczMC1lY2FhLTExZTYtOGY4OC0zNDM2M2JjN2M0YzAiOnsiY3JlYXRlIjo2MDAwMDAwMDAwMDAsImRlbGV0ZSI6MTIwMDAwMDAwMDAwMH0sInNjaGVtYV92ZXJzaW9uIjoiMSJ9",
          "dependencies": [
            "module.crictracker_vpc.aws_vpc.main"
          ]
        }
      ]
    },
    {
      "module": "module.crictracker_private_subnet_az_c",
      "mode": "managed",
      "type": "aws_subnet",
      "name": "main",
      "provider": "provider[\"registry.terraform.io/hashicorp/aws\"]",
      "instances": [
        {
          "schema_version": 1,
          "attributes": {
            "arn": "arn:aws:ec2:ap-south-1:693583001687:subnet/subnet-02571039cf442c0e1",
            "assign_ipv6_address_on_creation": false,
            "availability_zone": "ap-south-1c",
            "availability_zone_id": "aps1-az2",
            "cidr_block": "10.0.128.0/18",
            "customer_owned_ipv4_pool": "",
            "id": "subnet-02571039cf442c0e1",
            "ipv6_cidr_block": "",
            "ipv6_cidr_block_association_id": "",
            "map_customer_owned_ip_on_launch": false,
            "map_public_ip_on_launch": false,
            "outpost_arn": "",
            "owner_id": "693583001687",
            "tags": {
              "Author": "Terraform",
              "Contact": "Aman Makwana",
              "Environment": "Production",
              "Name": "crictracker-Private-az-c"
            },
            "tags_all": {
              "Author": "Terraform",
              "Contact": "Aman Makwana",
              "Environment": "Production",
              "Name": "crictracker-Private-az-c"
            },
            "timeouts": null,
            "vpc_id": "vpc-0f8c9a06aec6fddcb"
          },
          "sensitive_attributes": [],
          "private": "eyJlMmJmYjczMC1lY2FhLTExZTYtOGY4OC0zNDM2M2JjN2M0YzAiOnsiY3JlYXRlIjo2MDAwMDAwMDAwMDAsImRlbGV0ZSI6MTIwMDAwMDAwMDAwMH0sInNjaGVtYV92ZXJzaW9uIjoiMSJ9",
          "dependencies": [
            "module.crictracker_vpc.aws_vpc.main"
          ]
        }
      ]
    },
    {
      "module": "module.crictracker_public_subnet_az_a",
      "mode": "managed",
      "type": "aws_subnet",
      "name": "main",
      "provider": "provider[\"registry.terraform.io/hashicorp/aws\"]",
      "instances": [
        {
          "schema_version": 1,
          "attributes": {
            "arn": "arn:aws:ec2:ap-south-1:693583001687:subnet/subnet-077b67cb6983824ae",
            "assign_ipv6_address_on_creation": false,
            "availability_zone": "ap-south-1a",
            "availability_zone_id": "aps1-az1",
            "cidr_block": "10.0.255.0/24",
            "customer_owned_ipv4_pool": "",
            "id": "subnet-077b67cb6983824ae",
            "ipv6_cidr_block": "",
            "ipv6_cidr_block_association_id": "",
            "map_customer_owned_ip_on_launch": false,
            "map_public_ip_on_launch": false,
            "outpost_arn": "",
            "owner_id": "693583001687",
            "tags": {
              "Author": "Terraform",
              "Contact": "Aman Makwana",
              "Environment": "Production",
              "Name": "crictracker-Public-az-a"
            },
            "tags_all": {
              "Author": "Terraform",
              "Contact": "Aman Makwana",
              "Environment": "Production",
              "Name": "crictracker-Public-az-a"
            },
            "timeouts": null,
            "vpc_id": "vpc-0f8c9a06aec6fddcb"
          },
          "sensitive_attributes": [],
          "private": "eyJlMmJmYjczMC1lY2FhLTExZTYtOGY4OC0zNDM2M2JjN2M0YzAiOnsiY3JlYXRlIjo2MDAwMDAwMDAwMDAsImRlbGV0ZSI6MTIwMDAwMDAwMDAwMH0sInNjaGVtYV92ZXJzaW9uIjoiMSJ9",
          "dependencies": [
            "module.crictracker_vpc.aws_vpc.main"
          ]
        }
      ]
    },
    {
      "module": "module.crictracker_public_subnet_az_b",
      "mode": "managed",
      "type": "aws_subnet",
      "name": "main",
      "provider": "provider[\"registry.terraform.io/hashicorp/aws\"]",
      "instances": [
        {
          "schema_version": 1,
          "attributes": {
            "arn": "arn:aws:ec2:ap-south-1:693583001687:subnet/subnet-079a2bebf229cbae2",
            "assign_ipv6_address_on_creation": false,
            "availability_zone": "ap-south-1b",
            "availability_zone_id": "aps1-az3",
            "cidr_block": "10.0.254.0/24",
            "customer_owned_ipv4_pool": "",
            "id": "subnet-079a2bebf229cbae2",
            "ipv6_cidr_block": "",
            "ipv6_cidr_block_association_id": "",
            "map_customer_owned_ip_on_launch": false,
            "map_public_ip_on_launch": false,
            "outpost_arn": "",
            "owner_id": "693583001687",
            "tags": {
              "Author": "Terraform",
              "Contact": "Aman Makwana",
              "Environment": "Production",
              "Name": "crictracker-Public-az-b"
            },
            "tags_all": {
              "Author": "Terraform",
              "Contact": "Aman Makwana",
              "Environment": "Production",
              "Name": "crictracker-Public-az-b"
            },
            "timeouts": null,
            "vpc_id": "vpc-0f8c9a06aec6fddcb"
          },
          "sensitive_attributes": [],
          "private": "eyJlMmJmYjczMC1lY2FhLTExZTYtOGY4OC0zNDM2M2JjN2M0YzAiOnsiY3JlYXRlIjo2MDAwMDAwMDAwMDAsImRlbGV0ZSI6MTIwMDAwMDAwMDAwMH0sInNjaGVtYV92ZXJzaW9uIjoiMSJ9",
          "dependencies": [
            "module.crictracker_vpc.aws_vpc.main"
          ]
        }
      ]
    },
    {
      "module": "module.crictracker_public_subnet_az_c",
      "mode": "managed",
      "type": "aws_subnet",
      "name": "main",
      "provider": "provider[\"registry.terraform.io/hashicorp/aws\"]",
      "instances": [
        {
          "schema_version": 1,
          "attributes": {
            "arn": "arn:aws:ec2:ap-south-1:693583001687:subnet/subnet-0b356724e236a1975",
            "assign_ipv6_address_on_creation": false,
            "availability_zone": "ap-south-1c",
            "availability_zone_id": "aps1-az2",
            "cidr_block": "10.0.253.0/24",
            "customer_owned_ipv4_pool": "",
            "id": "subnet-0b356724e236a1975",
            "ipv6_cidr_block": "",
            "ipv6_cidr_block_association_id": "",
            "map_customer_owned_ip_on_launch": false,
            "map_public_ip_on_launch": false,
            "outpost_arn": "",
            "owner_id": "693583001687",
            "tags": {
              "Author": "Terraform",
              "Contact": "Aman Makwana",
              "Environment": "Production",
              "Name": "crictracker-Public-az-c"
            },
            "tags_all": {
              "Author": "Terraform",
              "Contact": "Aman Makwana",
              "Environment": "Production",
              "Name": "crictracker-Public-az-c"
            },
            "timeouts": null,
            "vpc_id": "vpc-0f8c9a06aec6fddcb"
          },
          "sensitive_attributes": [],
          "private": "eyJlMmJmYjczMC1lY2FhLTExZTYtOGY4OC0zNDM2M2JjN2M0YzAiOnsiY3JlYXRlIjo2MDAwMDAwMDAwMDAsImRlbGV0ZSI6MTIwMDAwMDAwMDAwMH0sInNjaGVtYV92ZXJzaW9uIjoiMSJ9",
          "dependencies": [
            "module.crictracker_vpc.aws_vpc.main"
          ]
        }
      ]
    },
    {
      "module": "module.crictracker_rds_monitoring_role",
      "mode": "managed",
      "type": "aws_iam_role",
      "name": "main",
      "provider": "provider[\"registry.terraform.io/hashicorp/aws\"]",
      "instances": [
        {
          "schema_version": 0,
          "attributes": {
            "arn": "arn:aws:iam::693583001687:role/rds-monitoring-role",
            "assume_role_policy": "{\"Version\":\"2012-10-17\",\"Statement\":[{\"Effect\":\"Allow\",\"Principal\":{\"Service\":\"monitoring.rds.amazonaws.com\"},\"Action\":\"sts:AssumeRole\"}]}",
            "create_date": "2022-03-08T13:39:36Z",
            "description": "",
            "force_detach_policies": false,
            "id": "rds-monitoring-role",
            "inline_policy": [
              {
                "name": "",
                "policy": ""
              }
            ],
            "managed_policy_arns": [
              "arn:aws:iam::aws:policy/service-role/AmazonRDSEnhancedMonitoringRole"
            ],
            "max_session_duration": 3600,
            "name": "rds-monitoring-role",
            "name_prefix": "",
            "path": "/",
            "permissions_boundary": null,
            "tags": {},
            "tags_all": {},
            "unique_id": "AROA2C7GEXBLT32P2UOYR"
          },
          "sensitive_attributes": [],
          "private": "bnVsbA=="
        }
      ]
    },
    {
      "module": "module.crictracker_rds_mysql",
      "mode": "managed",
      "type": "aws_db_instance",
      "name": "main",
      "provider": "provider[\"registry.terraform.io/hashicorp/aws\"]",
      "instances": [
        {
          "schema_version": 1,
          "attributes": {
            "address": "crictracker.cwqvxddt1tbe.ap-south-1.rds.amazonaws.com",
            "allocated_storage": 20,
            "allow_major_version_upgrade": null,
            "apply_immediately": false,
            "arn": "arn:aws:rds:ap-south-1:693583001687:db:crictracker",
            "auto_minor_version_upgrade": false,
            "availability_zone": "ap-south-1b",
            "backup_retention_period": 7,
            "backup_window": "17:33-18:03",
            "ca_cert_identifier": "rds-ca-2019",
            "character_set_name": "",
            "copy_tags_to_snapshot": true,
            "customer_owned_ip_enabled": false,
            "db_subnet_group_name": "crictracker_rds_subnet_group",
            "delete_automated_backups": true,
            "deletion_protection": true,
            "domain": "",
            "domain_iam_role_name": "",
            "enabled_cloudwatch_logs_exports": [
              "audit",
              "error",
              "general",
              "slowquery"
            ],
            "endpoint": "crictracker.cwqvxddt1tbe.ap-south-1.rds.amazonaws.com:3306",
            "engine": "mysql",
            "engine_version": "8.0",
            "engine_version_actual": "8.0.27",
            "final_snapshot_identifier": null,
            "hosted_zone_id": "Z2VFMSZA74J7XZ",
            "iam_database_authentication_enabled": false,
            "id": "crictracker",
            "identifier": "crictracker",
            "identifier_prefix": null,
            "instance_class": "db.t2.micro",
            "iops": 0,
            "kms_key_id": "",
            "latest_restorable_time": "2022-09-14T04:50:00Z",
            "license_model": "general-public-license",
            "maintenance_window": "mon:05:00-mon:07:00",
            "max_allocated_storage": 1024,
            "monitoring_interval": 5,
            "monitoring_role_arn": "arn:aws:iam::693583001687:role/rds-monitoring-role",
            "multi_az": false,
            "name": "crictracker",
            "nchar_character_set_name": "",
            "option_group_name": "default:mysql-8-0",
            "parameter_group_name": "crictracker-rds-parameter-group",
            "password": "eZHyYRnAK5RhucCx",
            "performance_insights_enabled": false,
            "performance_insights_kms_key_id": "",
            "performance_insights_retention_period": 0,
            "port": 3306,
            "publicly_accessible": false,
            "replica_mode": "",
            "replicas": [],
            "replicate_source_db": "",
            "resource_id": "db-YCEWR4SALABVWDF5HCWXICIXRM",
            "restore_to_point_in_time": [],
            "s3_import": [],
            "security_group_names": [],
            "skip_final_snapshot": true,
            "snapshot_identifier": null,
            "status": "available",
            "storage_encrypted": false,
            "storage_type": "gp2",
            "tags": {
              "Author": "Terraform",
              "Contact": "Aman Makwana",
              "Environment": "Production",
              "Name": "crictracker"
            },
            "tags_all": {
              "Author": "Terraform",
              "Contact": "Aman Makwana",
              "Environment": "Production",
              "Name": "crictracker"
            },
            "timeouts": null,
            "timezone": "",
            "username": "admin",
            "vpc_security_group_ids": [
              "sg-0736c543a02a96c67"
            ]
          },
          "sensitive_attributes": [
            [
              {
                "type": "get_attr",
                "value": "password"
              }
            ],
            [
              {
                "type": "get_attr",
                "value": "username"
              }
            ]
          ],
          "private": "eyJlMmJmYjczMC1lY2FhLTExZTYtOGY4OC0zNDM2M2JjN2M0YzAiOnsiY3JlYXRlIjoyNDAwMDAwMDAwMDAwLCJkZWxldGUiOjM2MDAwMDAwMDAwMDAsInVwZGF0ZSI6NDgwMDAwMDAwMDAwMH0sInNjaGVtYV92ZXJzaW9uIjoiMSJ9",
          "dependencies": [
            "module.crictracker_private_subnet_az_a.aws_subnet.main",
            "module.crictracker_private_subnet_az_b.aws_subnet.main",
            "module.crictracker_private_subnet_az_c.aws_subnet.main",
            "module.crictracker_rds_monitoring_role.aws_iam_role.main",
            "module.crictracker_rds_parameter_group.aws_db_parameter_group.main",
            "module.crictracker_rds_security_group.aws_security_group.main",
            "module.crictracker_rds_subnet_group.aws_db_subnet_group.main",
            "module.crictracker_vpc.aws_vpc.main"
          ]
        }
      ]
    },
    {
      "module": "module.crictracker_rds_parameter_group",
      "mode": "managed",
      "type": "aws_db_parameter_group",
      "name": "main",
      "provider": "provider[\"registry.terraform.io/hashicorp/aws\"]",
      "instances": [
        {
          "schema_version": 0,
          "attributes": {
            "arn": "arn:aws:rds:ap-south-1:693583001687:pg:crictracker-rds-parameter-group",
            "description": "Parameter group for crictracker RDS",
            "family": "mysql8.0",
            "id": "crictracker-rds-parameter-group",
            "name": "crictracker-rds-parameter-group",
            "name_prefix": null,
            "parameter": [
              {
                "apply_method": "immediate",
                "name": "character_set_client",
                "value": "utf8"
              },
              {
                "apply_method": "immediate",
                "name": "character_set_server",
                "value": "utf8"
              }
            ],
            "tags": {},
            "tags_all": {}
          },
          "sensitive_attributes": [],
          "private": "bnVsbA=="
        }
      ]
    },
    {
      "module": "module.crictracker_rds_security_group",
      "mode": "managed",
      "type": "aws_security_group",
      "name": "main",
      "provider": "provider[\"registry.terraform.io/hashicorp/aws\"]",
      "instances": [
        {
          "schema_version": 1,
          "attributes": {
            "arn": "arn:aws:ec2:ap-south-1:693583001687:security-group/sg-0736c543a02a96c67",
            "description": "Private connectivity to RDS DBs",
            "egress": [],
            "id": "sg-0736c543a02a96c67",
            "ingress": [
              {
                "cidr_blocks": [
                  "10.0.0.0/18",
                  "10.0.64.0/18",
                  "10.0.128.0/18"
                ],
                "description": "",
                "from_port": 3306,
                "ipv6_cidr_blocks": [],
                "prefix_list_ids": [],
                "protocol": "tcp",
                "security_groups": [],
                "self": false,
                "to_port": 3306
              }
            ],
            "name": "crictracker_security_group",
            "name_prefix": "",
            "owner_id": "693583001687",
            "revoke_rules_on_delete": false,
            "tags": {
              "Author": "Terraform",
              "Contact": "Aman Makwana",
              "Environment": "Production",
              "Name": "crictracker_security_group",
              "Purpose": "k8s pods can access rds instance"
            },
            "tags_all": {
              "Author": "Terraform",
              "Contact": "Aman Makwana",
              "Environment": "Production",
              "Name": "crictracker_security_group",
              "Purpose": "k8s pods can access rds instance"
            },
            "timeouts": null,
            "vpc_id": "vpc-0f8c9a06aec6fddcb"
          },
          "sensitive_attributes": [],
          "private": "eyJlMmJmYjczMC1lY2FhLTExZTYtOGY4OC0zNDM2M2JjN2M0YzAiOnsiY3JlYXRlIjo2MDAwMDAwMDAwMDAsImRlbGV0ZSI6OTAwMDAwMDAwMDAwfSwic2NoZW1hX3ZlcnNpb24iOiIxIn0=",
          "dependencies": [
            "module.crictracker_vpc.aws_vpc.main"
          ]
        }
      ]
    },
    {
      "module": "module.crictracker_rds_subnet_group",
      "mode": "managed",
      "type": "aws_db_subnet_group",
      "name": "main",
      "provider": "provider[\"registry.terraform.io/hashicorp/aws\"]",
      "instances": [
        {
          "schema_version": 0,
          "attributes": {
            "arn": "arn:aws:rds:ap-south-1:693583001687:subgrp:crictracker_rds_subnet_group",
            "description": "Managed by Terraform",
            "id": "crictracker_rds_subnet_group",
            "name": "crictracker_rds_subnet_group",
            "name_prefix": null,
            "subnet_ids": [
              "subnet-02571039cf442c0e1",
              "subnet-0542e89a8e4d3a2ad",
              "subnet-09e12eb496c2fad91"
            ],
            "tags": {
              "Author": "Terraform"
            },
            "tags_all": {
              "Author": "Terraform"
            }
          },
          "sensitive_attributes": [],
          "private": "bnVsbA==",
          "dependencies": [
            "module.crictracker_private_subnet_az_a.aws_subnet.main",
            "module.crictracker_private_subnet_az_b.aws_subnet.main",
            "module.crictracker_private_subnet_az_c.aws_subnet.main",
            "module.crictracker_vpc.aws_vpc.main"
          ]
        }
      ]
    },
    {
      "module": "module.crictracker_rout53_private",
      "mode": "managed",
      "type": "aws_route53_zone",
      "name": "main",
      "provider": "provider[\"registry.terraform.io/hashicorp/aws\"]",
      "instances": [
        {
          "schema_version": 0,
          "attributes": {
            "arn": "arn:aws:route53:::hostedzone/Z0981089ST4TL2I1WDV6",
            "comment": "crictracker Private zone",
            "delegation_set_id": "",
            "force_destroy": false,
            "id": "Z0981089ST4TL2I1WDV6",
            "name": "crictracker.com.private",
            "name_servers": [
              "ns-0.awsdns-00.com.",
              "ns-1024.awsdns-00.org.",
              "ns-1536.awsdns-00.co.uk.",
              "ns-512.awsdns-00.net."
            ],
            "tags": {
              "Author": "Terraform",
              "Contact": "Aman Makwana",
              "Environment": "Production"
            },
            "tags_all": {
              "Author": "Terraform",
              "Contact": "Aman Makwana",
              "Environment": "Production"
            },
            "vpc": [
              {
                "vpc_id": "vpc-0f8c9a06aec6fddcb",
                "vpc_region": "ap-south-1"
              }
            ],
            "zone_id": "Z0981089ST4TL2I1WDV6"
          },
          "sensitive_attributes": [],
          "private": "bnVsbA==",
          "dependencies": [
            "module.crictracker_vpc.aws_vpc.main"
          ]
        }
      ]
    },
    {
      "module": "module.crictracker_route53_public",
      "mode": "managed",
      "type": "aws_route53_zone",
      "name": "main",
      "provider": "provider[\"registry.terraform.io/hashicorp/aws\"]",
      "instances": [
        {
          "schema_version": 0,
          "attributes": {
            "arn": "arn:aws:route53:::hostedzone/Z07047555UNEWUWUT9NE",
            "comment": "sportgully public zone",
            "delegation_set_id": "",
            "force_destroy": false,
            "id": "Z07047555UNEWUWUT9NE",
            "name": "beta.crictracker.com",
            "name_servers": [
              "ns-1113.awsdns-11.org",
              "ns-126.awsdns-15.com",
              "ns-1849.awsdns-39.co.uk",
              "ns-655.awsdns-17.net"
            ],
            "tags": {
              "Author": "Terraform",
              "Contact": "Aman Makwana",
              "Environment": "Production"
            },
            "tags_all": {
              "Author": "Terraform",
              "Contact": "Aman Makwana",
              "Environment": "Production"
            },
            "vpc": [],
            "zone_id": "Z07047555UNEWUWUT9NE"
          },
          "sensitive_attributes": [],
          "private": "bnVsbA=="
        }
      ]
    },
    {
      "module": "module.crictracker_route53_public_main",
      "mode": "managed",
      "type": "aws_route53_zone",
      "name": "main",
      "provider": "provider[\"registry.terraform.io/hashicorp/aws\"]",
      "instances": [
        {
          "schema_version": 0,
          "attributes": {
            "arn": "arn:aws:route53:::hostedzone/Z08470803GI28XA9TXVSM",
            "comment": "crictracker public zone",
            "delegation_set_id": "",
            "force_destroy": false,
            "id": "Z08470803GI28XA9TXVSM",
            "name": "crictracker.com",
            "name_servers": [
              "ns-1392.awsdns-46.org",
              "ns-1613.awsdns-09.co.uk",
              "ns-396.awsdns-49.com",
              "ns-888.awsdns-47.net"
            ],
            "tags": {
              "Author": "Terraform",
              "Contact": "Aman Makwana",
              "Environment": "Production"
            },
            "tags_all": {
              "Author": "Terraform",
              "Contact": "Aman Makwana",
              "Environment": "Production"
            },
            "vpc": [],
            "zone_id": "Z08470803GI28XA9TXVSM"
          },
          "sensitive_attributes": [],
          "private": "bnVsbA=="
        }
      ]
    },
    {
      "module": "module.crictracker_route_table_association_private_subnet_az_a",
      "mode": "managed",
      "type": "aws_route_table_association",
      "name": "main",
      "provider": "provider[\"registry.terraform.io/hashicorp/aws\"]",
      "instances": [
        {
          "schema_version": 0,
          "attributes": {
            "gateway_id": "",
            "id": "rtbassoc-0e1bbec4fc78e366c",
            "route_table_id": "rtb-087178b19d418dfea",
            "subnet_id": "subnet-09e12eb496c2fad91"
          },
          "sensitive_attributes": [],
          "private": "bnVsbA==",
          "dependencies": [
            "module.crictracker_private_subnet_az_a.aws_subnet.main",
            "module.crictracker_route_table_private_az_a.aws_route_table.main",
            "module.crictracker_vpc.aws_vpc.main"
          ]
        }
      ]
    },
    {
      "module": "module.crictracker_route_table_association_private_subnet_az_b",
      "mode": "managed",
      "type": "aws_route_table_association",
      "name": "main",
      "provider": "provider[\"registry.terraform.io/hashicorp/aws\"]",
      "instances": [
        {
          "schema_version": 0,
          "attributes": {
            "gateway_id": "",
            "id": "rtbassoc-0ef55746865f2646f",
            "route_table_id": "rtb-07d64df6939a0274d",
            "subnet_id": "subnet-0542e89a8e4d3a2ad"
          },
          "sensitive_attributes": [],
          "private": "bnVsbA==",
          "dependencies": [
            "module.crictracker_private_subnet_az_b.aws_subnet.main",
            "module.crictracker_route_table_private_az_b.aws_route_table.main",
            "module.crictracker_vpc.aws_vpc.main"
          ]
        }
      ]
    },
    {
      "module": "module.crictracker_route_table_association_private_subnet_az_c",
      "mode": "managed",
      "type": "aws_route_table_association",
      "name": "main",
      "provider": "provider[\"registry.terraform.io/hashicorp/aws\"]",
      "instances": [
        {
          "schema_version": 0,
          "attributes": {
            "gateway_id": "",
            "id": "rtbassoc-0a2d949892e4f60f6",
            "route_table_id": "rtb-0a2bab692b2a1c31e",
            "subnet_id": "subnet-02571039cf442c0e1"
          },
          "sensitive_attributes": [],
          "private": "bnVsbA==",
          "dependencies": [
            "module.crictracker_private_subnet_az_c.aws_subnet.main",
            "module.crictracker_route_table_private_az_c.aws_route_table.main",
            "module.crictracker_vpc.aws_vpc.main"
          ]
        }
      ]
    },
    {
      "module": "module.crictracker_route_table_association_public_subnet_az_a",
      "mode": "managed",
      "type": "aws_route_table_association",
      "name": "main",
      "provider": "provider[\"registry.terraform.io/hashicorp/aws\"]",
      "instances": [
        {
          "schema_version": 0,
          "attributes": {
            "gateway_id": "",
            "id": "rtbassoc-0e30487951511aedd",
            "route_table_id": "rtb-0db5128a7b23cb370",
            "subnet_id": "subnet-077b67cb6983824ae"
          },
          "sensitive_attributes": [],
          "private": "bnVsbA==",
          "dependencies": [
            "module.crictracker_public_subnet_az_a.aws_subnet.main",
            "module.crictracker_route_table_public.aws_route_table.main",
            "module.crictracker_vpc.aws_vpc.main"
          ]
        }
      ]
    },
    {
      "module": "module.crictracker_route_table_association_public_subnet_az_b",
      "mode": "managed",
      "type": "aws_route_table_association",
      "name": "main",
      "provider": "provider[\"registry.terraform.io/hashicorp/aws\"]",
      "instances": [
        {
          "schema_version": 0,
          "attributes": {
            "gateway_id": "",
            "id": "rtbassoc-08bcbd53716d4fa68",
            "route_table_id": "rtb-0db5128a7b23cb370",
            "subnet_id": "subnet-079a2bebf229cbae2"
          },
          "sensitive_attributes": [],
          "private": "bnVsbA==",
          "dependencies": [
            "module.crictracker_public_subnet_az_b.aws_subnet.main",
            "module.crictracker_route_table_public.aws_route_table.main",
            "module.crictracker_vpc.aws_vpc.main"
          ]
        }
      ]
    },
    {
      "module": "module.crictracker_route_table_association_public_subnet_az_c",
      "mode": "managed",
      "type": "aws_route_table_association",
      "name": "main",
      "provider": "provider[\"registry.terraform.io/hashicorp/aws\"]",
      "instances": [
        {
          "schema_version": 0,
          "attributes": {
            "gateway_id": "",
            "id": "rtbassoc-0eaaeee64f66aef1b",
            "route_table_id": "rtb-0db5128a7b23cb370",
            "subnet_id": "subnet-0b356724e236a1975"
          },
          "sensitive_attributes": [],
          "private": "bnVsbA==",
          "dependencies": [
            "module.crictracker_public_subnet_az_c.aws_subnet.main",
            "module.crictracker_route_table_public.aws_route_table.main",
            "module.crictracker_vpc.aws_vpc.main"
          ]
        }
      ]
    },
    {
      "module": "module.crictracker_route_table_private_az_a",
      "mode": "managed",
      "type": "aws_route_table",
      "name": "main",
      "provider": "provider[\"registry.terraform.io/hashicorp/aws\"]",
      "instances": [
        {
          "schema_version": 0,
          "attributes": {
            "arn": "arn:aws:ec2:ap-south-1:693583001687:route-table/rtb-087178b19d418dfea",
            "id": "rtb-087178b19d418dfea",
            "owner_id": "693583001687",
            "propagating_vgws": [],
            "route": [
              {
                "carrier_gateway_id": "",
                "cidr_block": "0.0.0.0/0",
                "destination_prefix_list_id": "",
                "egress_only_gateway_id": "",
                "gateway_id": "",
                "instance_id": "",
                "ipv6_cidr_block": "",
                "local_gateway_id": "",
                "nat_gateway_id": "nat-0b20f5a5d811b59c0",
                "network_interface_id": "",
                "transit_gateway_id": "",
                "vpc_endpoint_id": "",
                "vpc_peering_connection_id": ""
              },
              {
                "carrier_gateway_id": "",
                "cidr_block": "192.168.248.0/21",
                "destination_prefix_list_id": "",
                "egress_only_gateway_id": "",
                "gateway_id": "",
                "instance_id": "",
                "ipv6_cidr_block": "",
                "local_gateway_id": "",
                "nat_gateway_id": "",
                "network_interface_id": "",
                "transit_gateway_id": "",
                "vpc_endpoint_id": "",
                "vpc_peering_connection_id": "pcx-062a187be316ae03d"
              }
            ],
            "tags": {
              "Author": "Terraform",
              "Contact": "Aman Makwana",
              "Environment": "Production",
              "Name": "crictracker-Private-az-a"
            },
            "tags_all": {
              "Author": "Terraform",
              "Contact": "Aman Makwana",
              "Environment": "Production",
              "Name": "crictracker-Private-az-a"
            },
            "timeouts": null,
            "vpc_id": "vpc-0f8c9a06aec6fddcb"
          },
          "sensitive_attributes": [],
          "private": "eyJlMmJmYjczMC1lY2FhLTExZTYtOGY4OC0zNDM2M2JjN2M0YzAiOnsiY3JlYXRlIjoxMjAwMDAwMDAwMDAsImRlbGV0ZSI6MzAwMDAwMDAwMDAwLCJ1cGRhdGUiOjEyMDAwMDAwMDAwMH19",
          "dependencies": [
            "module.crictracker_vpc.aws_vpc.main"
          ]
        }
      ]
    },
    {
      "module": "module.crictracker_route_table_private_az_b",
      "mode": "managed",
      "type": "aws_route_table",
      "name": "main",
      "provider": "provider[\"registry.terraform.io/hashicorp/aws\"]",
      "instances": [
        {
          "schema_version": 0,
          "attributes": {
            "arn": "arn:aws:ec2:ap-south-1:693583001687:route-table/rtb-07d64df6939a0274d",
            "id": "rtb-07d64df6939a0274d",
            "owner_id": "693583001687",
            "propagating_vgws": [],
            "route": [
              {
                "carrier_gateway_id": "",
                "cidr_block": "0.0.0.0/0",
                "destination_prefix_list_id": "",
                "egress_only_gateway_id": "",
                "gateway_id": "",
                "instance_id": "",
                "ipv6_cidr_block": "",
                "local_gateway_id": "",
                "nat_gateway_id": "nat-0b20f5a5d811b59c0",
                "network_interface_id": "",
                "transit_gateway_id": "",
                "vpc_endpoint_id": "",
                "vpc_peering_connection_id": ""
              },
              {
                "carrier_gateway_id": "",
                "cidr_block": "192.168.248.0/21",
                "destination_prefix_list_id": "",
                "egress_only_gateway_id": "",
                "gateway_id": "",
                "instance_id": "",
                "ipv6_cidr_block": "",
                "local_gateway_id": "",
                "nat_gateway_id": "",
                "network_interface_id": "",
                "transit_gateway_id": "",
                "vpc_endpoint_id": "",
                "vpc_peering_connection_id": "pcx-062a187be316ae03d"
              }
            ],
            "tags": {
              "Author": "Terraform",
              "Contact": "Aman Makwana",
              "Environment": "Production",
              "Name": "crictracker-Private-az-b"
            },
            "tags_all": {
              "Author": "Terraform",
              "Contact": "Aman Makwana",
              "Environment": "Production",
              "Name": "crictracker-Private-az-b"
            },
            "timeouts": null,
            "vpc_id": "vpc-0f8c9a06aec6fddcb"
          },
          "sensitive_attributes": [],
          "private": "eyJlMmJmYjczMC1lY2FhLTExZTYtOGY4OC0zNDM2M2JjN2M0YzAiOnsiY3JlYXRlIjoxMjAwMDAwMDAwMDAsImRlbGV0ZSI6MzAwMDAwMDAwMDAwLCJ1cGRhdGUiOjEyMDAwMDAwMDAwMH19",
          "dependencies": [
            "module.crictracker_vpc.aws_vpc.main"
          ]
        }
      ]
    },
    {
      "module": "module.crictracker_route_table_private_az_c",
      "mode": "managed",
      "type": "aws_route_table",
      "name": "main",
      "provider": "provider[\"registry.terraform.io/hashicorp/aws\"]",
      "instances": [
        {
          "schema_version": 0,
          "attributes": {
            "arn": "arn:aws:ec2:ap-south-1:693583001687:route-table/rtb-0a2bab692b2a1c31e",
            "id": "rtb-0a2bab692b2a1c31e",
            "owner_id": "693583001687",
            "propagating_vgws": [],
            "route": [
              {
                "carrier_gateway_id": "",
                "cidr_block": "0.0.0.0/0",
                "destination_prefix_list_id": "",
                "egress_only_gateway_id": "",
                "gateway_id": "",
                "instance_id": "",
                "ipv6_cidr_block": "",
                "local_gateway_id": "",
                "nat_gateway_id": "nat-0b20f5a5d811b59c0",
                "network_interface_id": "",
                "transit_gateway_id": "",
                "vpc_endpoint_id": "",
                "vpc_peering_connection_id": ""
              },
              {
                "carrier_gateway_id": "",
                "cidr_block": "192.168.248.0/21",
                "destination_prefix_list_id": "",
                "egress_only_gateway_id": "",
                "gateway_id": "",
                "instance_id": "",
                "ipv6_cidr_block": "",
                "local_gateway_id": "",
                "nat_gateway_id": "",
                "network_interface_id": "",
                "transit_gateway_id": "",
                "vpc_endpoint_id": "",
                "vpc_peering_connection_id": "pcx-062a187be316ae03d"
              }
            ],
            "tags": {
              "Author": "Terraform",
              "Contact": "Aman Makwana",
              "Environment": "Production",
              "Name": "crictracker-Private-az-c"
            },
            "tags_all": {
              "Author": "Terraform",
              "Contact": "Aman Makwana",
              "Environment": "Production",
              "Name": "crictracker-Private-az-c"
            },
            "timeouts": null,
            "vpc_id": "vpc-0f8c9a06aec6fddcb"
          },
          "sensitive_attributes": [],
          "private": "eyJlMmJmYjczMC1lY2FhLTExZTYtOGY4OC0zNDM2M2JjN2M0YzAiOnsiY3JlYXRlIjoxMjAwMDAwMDAwMDAsImRlbGV0ZSI6MzAwMDAwMDAwMDAwLCJ1cGRhdGUiOjEyMDAwMDAwMDAwMH19",
          "dependencies": [
            "module.crictracker_vpc.aws_vpc.main"
          ]
        }
      ]
    },
    {
      "module": "module.crictracker_route_table_public",
      "mode": "managed",
      "type": "aws_route_table",
      "name": "main",
      "provider": "provider[\"registry.terraform.io/hashicorp/aws\"]",
      "instances": [
        {
          "schema_version": 0,
          "attributes": {
            "arn": "arn:aws:ec2:ap-south-1:693583001687:route-table/rtb-0db5128a7b23cb370",
            "id": "rtb-0db5128a7b23cb370",
            "owner_id": "693583001687",
            "propagating_vgws": [],
            "route": [
              {
                "carrier_gateway_id": "",
                "cidr_block": "0.0.0.0/0",
                "destination_prefix_list_id": "",
                "egress_only_gateway_id": "",
                "gateway_id": "igw-007aa2c81eab723a0",
                "instance_id": "",
                "ipv6_cidr_block": "",
                "local_gateway_id": "",
                "nat_gateway_id": "",
                "network_interface_id": "",
                "transit_gateway_id": "",
                "vpc_endpoint_id": "",
                "vpc_peering_connection_id": ""
              }
            ],
            "tags": {
              "Author": "Terraform",
              "Contact": "Aman Makwana",
              "Environment": "Production",
              "Name": "crictracker-Public"
            },
            "tags_all": {
              "Author": "Terraform",
              "Contact": "Aman Makwana",
              "Environment": "Production",
              "Name": "crictracker-Public"
            },
            "timeouts": null,
            "vpc_id": "vpc-0f8c9a06aec6fddcb"
          },
          "sensitive_attributes": [],
          "private": "eyJlMmJmYjczMC1lY2FhLTExZTYtOGY4OC0zNDM2M2JjN2M0YzAiOnsiY3JlYXRlIjoxMjAwMDAwMDAwMDAsImRlbGV0ZSI6MzAwMDAwMDAwMDAwLCJ1cGRhdGUiOjEyMDAwMDAwMDAwMH19",
          "dependencies": [
            "module.crictracker_vpc.aws_vpc.main"
          ]
        }
      ]
    },
    {
      "module": "module.crictracker_vpc",
      "mode": "managed",
      "type": "aws_vpc",
      "name": "main",
      "provider": "provider[\"registry.terraform.io/hashicorp/aws\"]",
      "instances": [
        {
          "schema_version": 1,
          "attributes": {
            "arn": "arn:aws:ec2:ap-south-1:693583001687:vpc/vpc-0f8c9a06aec6fddcb",
            "assign_generated_ipv6_cidr_block": false,
            "cidr_block": "10.0.0.0/16",
            "default_network_acl_id": "acl-05fc3284d9ac70161",
            "default_route_table_id": "rtb-0af033657179f2d28",
            "default_security_group_id": "sg-0081c75b2d0e40c9e",
            "dhcp_options_id": "dopt-0d9daac518d9ce1d2",
            "enable_classiclink": null,
            "enable_classiclink_dns_support": null,
            "enable_dns_hostnames": true,
            "enable_dns_support": true,
            "id": "vpc-0f8c9a06aec6fddcb",
            "instance_tenancy": "default",
            "ipv6_association_id": "",
            "ipv6_cidr_block": "",
            "main_route_table_id": "rtb-0af033657179f2d28",
            "owner_id": "693583001687",
            "tags": {
              "Author": "Terraform",
              "Contact": "Aman Makwana",
              "Environment": "Production",
              "Name": "crictracker"
            },
            "tags_all": {
              "Author": "Terraform",
              "Contact": "Aman Makwana",
              "Environment": "Production",
              "Name": "crictracker"
            }
          },
          "sensitive_attributes": [],
          "private": "eyJzY2hlbWFfdmVyc2lvbiI6IjEifQ=="
        }
      ]
    }
  ],
  "check_results": null
}
